// !$*UTF8*$!
{
	archiveVersion = 1;
	classes = {
	};
	objectVersion = 46;
	objects = {

/* Begin PBXBuildFile section */
		6143799D19F649B4006F56C4 /* BNRHypnosisViewController.xib in Resources */ = {isa = PBXBuildFile; fileRef = 6143799C19F649B4006F56C4 /* BNRHypnosisViewController.xib */; };
		6167BC8619EFE48F0075760C /* main.m in Sources */ = {isa = PBXBuildFile; fileRef = 6167BC8519EFE48F0075760C /* main.m */; };
		6167BC8919EFE48F0075760C /* AppDelegate.m in Sources */ = {isa = PBXBuildFile; fileRef = 6167BC8819EFE48F0075760C /* AppDelegate.m */; };
		6167BC8B19EFE48F0075760C /* HypnoNerd-Prefix.pch in Resources */ = {isa = PBXBuildFile; fileRef = 6167BC8A19EFE48F0075760C /* HypnoNerd-Prefix.pch */; };
		6167BC8D19EFE48F0075760C /* Images.xcassets in Resources */ = {isa = PBXBuildFile; fileRef = 6167BC8C19EFE48F0075760C /* Images.xcassets */; };
		6167BC9019EFE48F0075760C /* LaunchScreen.xib in Resources */ = {isa = PBXBuildFile; fileRef = 6167BC8E19EFE48F0075760C /* LaunchScreen.xib */; };
		6167BC9C19EFE48F0075760C /* HypnoNerdTests.m in Sources */ = {isa = PBXBuildFile; fileRef = 6167BC9B19EFE48F0075760C /* HypnoNerdTests.m */; };
		6167BCA719EFE4C80075760C /* BNRHypnosisView.m in Sources */ = {isa = PBXBuildFile; fileRef = 6167BCA619EFE4C80075760C /* BNRHypnosisView.m */; };
		6167BCAD19EFE6AE0075760C /* BNRHypnosisViewController.m in Sources */ = {isa = PBXBuildFile; fileRef = 6167BCAC19EFE6AE0075760C /* BNRHypnosisViewController.m */; };
		61B2FC3A19F5029700E1BF13 /* logo.png in Resources */ = {isa = PBXBuildFile; fileRef = 61B2FC3919F5029700E1BF13 /* logo.png */; };
		61B2FC3D19F5068F00E1BF13 /* BNRReminderViewController.m in Sources */ = {isa = PBXBuildFile; fileRef = 61B2FC3C19F5068F00E1BF13 /* BNRReminderViewController.m */; };
		61B2FC3F19F508BA00E1BF13 /* BNRReminderViewController.xib in Resources */ = {isa = PBXBuildFile; fileRef = 61B2FC3E19F508BA00E1BF13 /* BNRReminderViewController.xib */; };
		61F1407619F53D1B00561DF5 /* BNRQuizViewController.m in Sources */ = {isa = PBXBuildFile; fileRef = 61F1407419F53D1B00561DF5 /* BNRQuizViewController.m */; };
		61F1407719F53D1B00561DF5 /* BNRQuizViewController.xib in Resources */ = {isa = PBXBuildFile; fileRef = 61F1407519F53D1B00561DF5 /* BNRQuizViewController.xib */; };
/* End PBXBuildFile section */

/* Begin PBXContainerItemProxy section */
		6167BC9619EFE48F0075760C /* PBXContainerItemProxy */ = {
			isa = PBXContainerItemProxy;
			containerPortal = 6167BC7819EFE48F0075760C /* Project object */;
			proxyType = 1;
			remoteGlobalIDString = 6167BC7F19EFE48F0075760C;
			remoteInfo = HypnoNerd;
		};
/* End PBXContainerItemProxy section */

/* Begin PBXFileReference section */
		6143799C19F649B4006F56C4 /* BNRHypnosisViewController.xib */ = {isa = PBXFileReference; fileEncoding = 4; lastKnownFileType = file.xib; path = BNRHypnosisViewController.xib; sourceTree = "<group>"; };
		6167BC8019EFE48F0075760C /* HypnoNerd.app */ = {isa = PBXFileReference; explicitFileType = wrapper.application; includeInIndex = 0; path = HypnoNerd.app; sourceTree = BUILT_PRODUCTS_DIR; };
		6167BC8419EFE48F0075760C /* Info.plist */ = {isa = PBXFileReference; lastKnownFileType = text.plist.xml; path = Info.plist; sourceTree = "<group>"; };
		6167BC8519EFE48F0075760C /* main.m */ = {isa = PBXFileReference; lastKnownFileType = sourcecode.c.objc; path = main.m; sourceTree = "<group>"; };
		6167BC8719EFE48F0075760C /* AppDelegate.h */ = {isa = PBXFileReference; lastKnownFileType = sourcecode.c.h; path = AppDelegate.h; sourceTree = "<group>"; };
		6167BC8819EFE48F0075760C /* AppDelegate.m */ = {isa = PBXFileReference; lastKnownFileType = sourcecode.c.objc; path = AppDelegate.m; sourceTree = "<group>"; };
		6167BC8A19EFE48F0075760C /* HypnoNerd-Prefix.pch */ = {isa = PBXFileReference; lastKnownFileType = sourcecode.c.h; path = "HypnoNerd-Prefix.pch"; sourceTree = "<group>"; };
		6167BC8C19EFE48F0075760C /* Images.xcassets */ = {isa = PBXFileReference; lastKnownFileType = folder.assetcatalog; path = Images.xcassets; sourceTree = "<group>"; };
		6167BC8F19EFE48F0075760C /* Base */ = {isa = PBXFileReference; lastKnownFileType = file.xib; name = Base; path = Base.lproj/LaunchScreen.xib; sourceTree = "<group>"; };
		6167BC9519EFE48F0075760C /* HypnoNerdTests.xctest */ = {isa = PBXFileReference; explicitFileType = wrapper.cfbundle; includeInIndex = 0; path = HypnoNerdTests.xctest; sourceTree = BUILT_PRODUCTS_DIR; };
		6167BC9A19EFE48F0075760C /* Info.plist */ = {isa = PBXFileReference; lastKnownFileType = text.plist.xml; path = Info.plist; sourceTree = "<group>"; };
		6167BC9B19EFE48F0075760C /* HypnoNerdTests.m */ = {isa = PBXFileReference; lastKnownFileType = sourcecode.c.objc; path = HypnoNerdTests.m; sourceTree = "<group>"; };
		6167BCA519EFE4C80075760C /* BNRHypnosisView.h */ = {isa = PBXFileReference; fileEncoding = 4; lastKnownFileType = sourcecode.c.h; path = BNRHypnosisView.h; sourceTree = "<group>"; };
		6167BCA619EFE4C80075760C /* BNRHypnosisView.m */ = {isa = PBXFileReference; fileEncoding = 4; lastKnownFileType = sourcecode.c.objc; path = BNRHypnosisView.m; sourceTree = "<group>"; };
		6167BCAB19EFE6AE0075760C /* BNRHypnosisViewController.h */ = {isa = PBXFileReference; fileEncoding = 4; lastKnownFileType = sourcecode.c.h; path = BNRHypnosisViewController.h; sourceTree = "<group>"; };
		6167BCAC19EFE6AE0075760C /* BNRHypnosisViewController.m */ = {isa = PBXFileReference; fileEncoding = 4; lastKnownFileType = sourcecode.c.objc; path = BNRHypnosisViewController.m; sourceTree = "<group>"; };
		61B2FC3919F5029700E1BF13 /* logo.png */ = {isa = PBXFileReference; lastKnownFileType = image.png; path = logo.png; sourceTree = "<group>"; };
		61B2FC3B19F5068F00E1BF13 /* BNRReminderViewController.h */ = {isa = PBXFileReference; fileEncoding = 4; lastKnownFileType = sourcecode.c.h; path = BNRReminderViewController.h; sourceTree = "<group>"; };
		61B2FC3C19F5068F00E1BF13 /* BNRReminderViewController.m */ = {isa = PBXFileReference; fileEncoding = 4; lastKnownFileType = sourcecode.c.objc; path = BNRReminderViewController.m; sourceTree = "<group>"; };
		61B2FC3E19F508BA00E1BF13 /* BNRReminderViewController.xib */ = {isa = PBXFileReference; fileEncoding = 4; lastKnownFileType = file.xib; path = BNRReminderViewController.xib; sourceTree = "<group>"; };
		61F1407319F53D1B00561DF5 /* BNRQuizViewController.h */ = {isa = PBXFileReference; fileEncoding = 4; lastKnownFileType = sourcecode.c.h; path = BNRQuizViewController.h; sourceTree = "<group>"; };
		61F1407419F53D1B00561DF5 /* BNRQuizViewController.m */ = {isa = PBXFileReference; fileEncoding = 4; lastKnownFileType = sourcecode.c.objc; path = BNRQuizViewController.m; sourceTree = "<group>"; };
		61F1407519F53D1B00561DF5 /* BNRQuizViewController.xib */ = {isa = PBXFileReference; fileEncoding = 4; lastKnownFileType = file.xib; path = BNRQuizViewController.xib; sourceTree = "<group>"; };
/* End PBXFileReference section */

/* Begin PBXFrameworksBuildPhase section */
		6167BC7D19EFE48F0075760C /* Frameworks */ = {
			isa = PBXFrameworksBuildPhase;
			buildActionMask = 2147483647;
			files = (
			);
			runOnlyForDeploymentPostprocessing = 0;
		};
		6167BC9219EFE48F0075760C /* Frameworks */ = {
			isa = PBXFrameworksBuildPhase;
			buildActionMask = 2147483647;
			files = (
			);
			runOnlyForDeploymentPostprocessing = 0;
		};
/* End PBXFrameworksBuildPhase section */

/* Begin PBXGroup section */
		6167BC7719EFE48F0075760C = {
			isa = PBXGroup;
			children = (
				6167BC8219EFE48F0075760C /* HypnoNerd */,
				6167BC9819EFE48F0075760C /* HypnoNerdTests */,
				6167BC8119EFE48F0075760C /* Products */,
			);
			sourceTree = "<group>";
		};
		6167BC8119EFE48F0075760C /* Products */ = {
			isa = PBXGroup;
			children = (
				6167BC8019EFE48F0075760C /* HypnoNerd.app */,
				6167BC9519EFE48F0075760C /* HypnoNerdTests.xctest */,
			);
			name = Products;
			sourceTree = "<group>";
		};
		6167BC8219EFE48F0075760C /* HypnoNerd */ = {
			isa = PBXGroup;
			children = (
				6167BCA519EFE4C80075760C /* BNRHypnosisView.h */,
				6167BCA619EFE4C80075760C /* BNRHypnosisView.m */,
				6167BCAB19EFE6AE0075760C /* BNRHypnosisViewController.h */,
				6167BCAC19EFE6AE0075760C /* BNRHypnosisViewController.m */,
				6143799C19F649B4006F56C4 /* BNRHypnosisViewController.xib */,
				61B2FC3B19F5068F00E1BF13 /* BNRReminderViewController.h */,
				61B2FC3C19F5068F00E1BF13 /* BNRReminderViewController.m */,
				61B2FC3E19F508BA00E1BF13 /* BNRReminderViewController.xib */,
				61F1407319F53D1B00561DF5 /* BNRQuizViewController.h */,
				61F1407419F53D1B00561DF5 /* BNRQuizViewController.m */,
				61F1407519F53D1B00561DF5 /* BNRQuizViewController.xib */,
				6167BC8C19EFE48F0075760C /* Images.xcassets */,
				6167BC8319EFE48F0075760C /* Supporting Files */,
			);
			path = HypnoNerd;
			sourceTree = "<group>";
		};
		6167BC8319EFE48F0075760C /* Supporting Files */ = {
			isa = PBXGroup;
			children = (
				6167BC8719EFE48F0075760C /* AppDelegate.h */,
				6167BC8819EFE48F0075760C /* AppDelegate.m */,
				61B2FC3919F5029700E1BF13 /* logo.png */,
				6167BC8A19EFE48F0075760C /* HypnoNerd-Prefix.pch */,
				6167BC8E19EFE48F0075760C /* LaunchScreen.xib */,
				6167BC8419EFE48F0075760C /* Info.plist */,
				6167BC8519EFE48F0075760C /* main.m */,
			);
			name = "Supporting Files";
			sourceTree = "<group>";
		};
		6167BC9819EFE48F0075760C /* HypnoNerdTests */ = {
			isa = PBXGroup;
			children = (
				6167BC9B19EFE48F0075760C /* HypnoNerdTests.m */,
				6167BC9919EFE48F0075760C /* Supporting Files */,
			);
			path = HypnoNerdTests;
			sourceTree = "<group>";
		};
		6167BC9919EFE48F0075760C /* Supporting Files */ = {
			isa = PBXGroup;
			children = (
				6167BC9A19EFE48F0075760C /* Info.plist */,
			);
			name = "Supporting Files";
			sourceTree = "<group>";
		};
/* End PBXGroup section */

/* Begin PBXNativeTarget section */
		6167BC7F19EFE48F0075760C /* HypnoNerd */ = {
			isa = PBXNativeTarget;
			buildConfigurationList = 6167BC9F19EFE48F0075760C /* Build configuration list for PBXNativeTarget "HypnoNerd" */;
			buildPhases = (
				6167BC7C19EFE48F0075760C /* Sources */,
				6167BC7D19EFE48F0075760C /* Frameworks */,
				6167BC7E19EFE48F0075760C /* Resources */,
			);
			buildRules = (
			);
			dependencies = (
			);
			name = HypnoNerd;
			productName = HypnoNerd;
			productReference = 6167BC8019EFE48F0075760C /* HypnoNerd.app */;
			productType = "com.apple.product-type.application";
		};
		6167BC9419EFE48F0075760C /* HypnoNerdTests */ = {
			isa = PBXNativeTarget;
			buildConfigurationList = 6167BCA219EFE48F0075760C /* Build configuration list for PBXNativeTarget "HypnoNerdTests" */;
			buildPhases = (
				6167BC9119EFE48F0075760C /* Sources */,
				6167BC9219EFE48F0075760C /* Frameworks */,
				6167BC9319EFE48F0075760C /* Resources */,
			);
			buildRules = (
			);
			dependencies = (
				6167BC9719EFE48F0075760C /* PBXTargetDependency */,
			);
			name = HypnoNerdTests;
			productName = HypnoNerdTests;
			productReference = 6167BC9519EFE48F0075760C /* HypnoNerdTests.xctest */;
			productType = "com.apple.product-type.bundle.unit-test";
		};
/* End PBXNativeTarget section */

/* Begin PBXProject section */
		6167BC7819EFE48F0075760C /* Project object */ = {
			isa = PBXProject;
			attributes = {
				LastUpgradeCheck = 0600;
				ORGANIZATIONNAME = iboicenco;
				TargetAttributes = {
					6167BC7F19EFE48F0075760C = {
						CreatedOnToolsVersion = 6.0.1;
					};
					6167BC9419EFE48F0075760C = {
						CreatedOnToolsVersion = 6.0.1;
						TestTargetID = 6167BC7F19EFE48F0075760C;
					};
				};
			};
			buildConfigurationList = 6167BC7B19EFE48F0075760C /* Build configuration list for PBXProject "HypnoNerd" */;
			compatibilityVersion = "Xcode 3.2";
			developmentRegion = English;
			hasScannedForEncodings = 0;
			knownRegions = (
				en,
				Base,
			);
			mainGroup = 6167BC7719EFE48F0075760C;
			productRefGroup = 6167BC8119EFE48F0075760C /* Products */;
			projectDirPath = "";
			projectRoot = "";
			targets = (
				6167BC7F19EFE48F0075760C /* HypnoNerd */,
				6167BC9419EFE48F0075760C /* HypnoNerdTests */,
			);
		};
/* End PBXProject section */

/* Begin PBXResourcesBuildPhase section */
		6167BC7E19EFE48F0075760C /* Resources */ = {
			isa = PBXResourcesBuildPhase;
			buildActionMask = 2147483647;
			files = (
				61B2FC3A19F5029700E1BF13 /* logo.png in Resources */,
				6167BC8B19EFE48F0075760C /* HypnoNerd-Prefix.pch in Resources */,
				6143799D19F649B4006F56C4 /* BNRHypnosisViewController.xib in Resources */,
				6167BC9019EFE48F0075760C /* LaunchScreen.xib in Resources */,
				6167BC8D19EFE48F0075760C /* Images.xcassets in Resources */,
				61F1407719F53D1B00561DF5 /* BNRQuizViewController.xib in Resources */,
				61B2FC3F19F508BA00E1BF13 /* BNRReminderViewController.xib in Resources */,
			);
			runOnlyForDeploymentPostprocessing = 0;
		};
		6167BC9319EFE48F0075760C /* Resources */ = {
			isa = PBXResourcesBuildPhase;
			buildActionMask = 2147483647;
			files = (
			);
			runOnlyForDeploymentPostprocessing = 0;
		};
/* End PBXResourcesBuildPhase section */

/* Begin PBXSourcesBuildPhase section */
		6167BC7C19EFE48F0075760C /* Sources */ = {
			isa = PBXSourcesBuildPhase;
			buildActionMask = 2147483647;
			files = (
				6167BCAD19EFE6AE0075760C /* BNRHypnosisViewController.m in Sources */,
				6167BC8919EFE48F0075760C /* AppDelegate.m in Sources */,
				61F1407619F53D1B00561DF5 /* BNRQuizViewController.m in Sources */,
				6167BC8619EFE48F0075760C /* main.m in Sources */,
				61B2FC3D19F5068F00E1BF13 /* BNRReminderViewController.m in Sources */,
				6167BCA719EFE4C80075760C /* BNRHypnosisView.m in Sources */,
			);
			runOnlyForDeploymentPostprocessing = 0;
		};
		6167BC9119EFE48F0075760C /* Sources */ = {
			isa = PBXSourcesBuildPhase;
			buildActionMask = 2147483647;
			files = (
				6167BC9C19EFE48F0075760C /* HypnoNerdTests.m in Sources */,
			);
			runOnlyForDeploymentPostprocessing = 0;
		};
/* End PBXSourcesBuildPhase section */

/* Begin PBXTargetDependency section */
		6167BC9719EFE48F0075760C /* PBXTargetDependency */ = {
			isa = PBXTargetDependency;
			target = 6167BC7F19EFE48F0075760C /* HypnoNerd */;
			targetProxy = 6167BC9619EFE48F0075760C /* PBXContainerItemProxy */;
		};
/* End PBXTargetDependency section */

/* Begin PBXVariantGroup section */
		6167BC8E19EFE48F0075760C /* LaunchScreen.xib */ = {
			isa = PBXVariantGroup;
			children = (
				6167BC8F19EFE48F0075760C /* Base */,
			);
			name = LaunchScreen.xib;
			sourceTree = "<group>";
		};
/* End PBXVariantGroup section */

/* Begin XCBuildConfiguration section */
		6167BC9D19EFE48F0075760C /* Debug */ = {
			isa = XCBuildConfiguration;
			buildSettings = {
				ALWAYS_SEARCH_USER_PATHS = NO;
				CLANG_CXX_LANGUAGE_STANDARD = "gnu++0x";
				CLANG_CXX_LIBRARY = "libc++";
				CLANG_ENABLE_MODULES = YES;
				CLANG_ENABLE_OBJC_ARC = YES;
				CLANG_WARN_BOOL_CONVERSION = YES;
				CLANG_WARN_CONSTANT_CONVERSION = YES;
				CLANG_WARN_DIRECT_OBJC_ISA_USAGE = YES_ERROR;
				CLANG_WARN_EMPTY_BODY = YES;
				CLANG_WARN_ENUM_CONVERSION = YES;
				CLANG_WARN_INT_CONVERSION = YES;
				CLANG_WARN_OBJC_ROOT_CLASS = YES_ERROR;
				CLANG_WARN_UNREACHABLE_CODE = YES;
				CLANG_WARN__DUPLICATE_METHOD_MATCH = YES;
				"CODE_SIGN_IDENTITY[sdk=iphoneos*]" = "iPhone Developer";
				COPY_PHASE_STRIP = NO;
				ENABLE_STRICT_OBJC_MSGSEND = YES;
				GCC_C_LANGUAGE_STANDARD = gnu99;
				GCC_DYNAMIC_NO_PIC = NO;
				GCC_OPTIMIZATION_LEVEL = 0;
				GCC_PREPROCESSOR_DEFINITIONS = (
					"DEBUG=1",
					"$(inherited)",
				);
				GCC_SYMBOLS_PRIVATE_EXTERN = NO;
				GCC_WARN_64_TO_32_BIT_CONVERSION = YES;
				GCC_WARN_ABOUT_RETURN_TYPE = YES_ERROR;
				GCC_WARN_UNDECLARED_SELECTOR = YES;
				GCC_WARN_UNINITIALIZED_AUTOS = YES_AGGRESSIVE;
				GCC_WARN_UNUSED_FUNCTION = YES;
				GCC_WARN_UNUSED_VARIABLE = YES;
				IPHONEOS_DEPLOYMENT_TARGET = 8.0;
				MTL_ENABLE_DEBUG_INFO = YES;
				ONLY_ACTIVE_ARCH = YES;
				SDKROOT = iphoneos;
			};
			name = Debug;
		};
		6167BC9E19EFE48F0075760C /* Release */ = {
			isa = XCBuildConfiguration;
			buildSettings = {
				ALWAYS_SEARCH_USER_PATHS = NO;
				CLANG_CXX_LANGUAGE_STANDARD = "gnu++0x";
				CLANG_CXX_LIBRARY = "libc++";
				CLANG_ENABLE_MODULES = YES;
				CLANG_ENABLE_OBJC_ARC = YES;
				CLANG_WARN_BOOL_CONVERSION = YES;
				CLANG_WARN_CONSTANT_CONVERSION = YES;
				CLANG_WARN_DIRECT_OBJC_ISA_USAGE = YES_ERROR;
				CLANG_WARN_EMPTY_BODY = YES;
				CLANG_WARN_ENUM_CONVERSION = YES;
				CLANG_WARN_INT_CONVERSION = YES;
				CLANG_WARN_OBJC_ROOT_CLASS = YES_ERROR;
				CLANG_WARN_UNREACHABLE_CODE = YES;
				CLANG_WARN__DUPLICATE_METHOD_MATCH = YES;
				"CODE_SIGN_IDENTITY[sdk=iphoneos*]" = "iPhone Developer";
				COPY_PHASE_STRIP = YES;
				ENABLE_NS_ASSERTIONS = NO;
				ENABLE_STRICT_OBJC_MSGSEND = YES;
				GCC_C_LANGUAGE_STANDARD = gnu99;
				GCC_WARN_64_TO_32_BIT_CONVERSION = YES;
				GCC_WARN_ABOUT_RETURN_TYPE = YES_ERROR;
				GCC_WARN_UNDECLARED_SELECTOR = YES;
				GCC_WARN_UNINITIALIZED_AUTOS = YES_AGGRESSIVE;
				GCC_WARN_UNUSED_FUNCTION = YES;
				GCC_WARN_UNUSED_VARIABLE = YES;
				IPHONEOS_DEPLOYMENT_TARGET = 8.0;
				MTL_ENABLE_DEBUG_INFO = NO;
				SDKROOT = iphoneos;
				VALIDATE_PRODUCT = YES;
			};
			name = Release;
		};
		6167BCA019EFE48F0075760C /* Debug */ = {
			isa = XCBuildConfiguration;
			buildSettings = {
				ASSETCATALOG_COMPILER_APPICON_NAME = AppIcon;
				INFOPLIST_FILE = HypnoNerd/Info.plist;
				LD_RUNPATH_SEARCH_PATHS = "$(inherited) @executable_path/Frameworks";
				PRODUCT_NAME = "$(TARGET_NAME)";
			};
			name = Debug;
		};
		6167BCA119EFE48F0075760C /* Release */ = {
			isa = XCBuildConfiguration;
			buildSettings = {
				ASSETCATALOG_COMPILER_APPICON_NAME = AppIcon;
				INFOPLIST_FILE = HypnoNerd/Info.plist;
				LD_RUNPATH_SEARCH_PATHS = "$(inherited) @executable_path/Frameworks";
				PRODUCT_NAME = "$(TARGET_NAME)";
			};
			name = Release;
		};
		6167BCA319EFE48F0075760C /* Debug */ = {
			isa = XCBuildConfiguration;
			buildSettings = {
				BUNDLE_LOADER = "$(TEST_HOST)";
				FRAMEWORK_SEARCH_PATHS = (
					"$(SDKROOT)/Developer/Library/Frameworks",
					"$(inherited)",
				);
				GCC_PREPROCESSOR_DEFINITIONS = (
					"DEBUG=1",
					"$(inherited)",
				);
				INFOPLIST_FILE = HypnoNerdTests/Info.plist;
				LD_RUNPATH_SEARCH_PATHS = "$(inherited) @executable_path/Frameworks @loader_path/Frameworks";
				PRODUCT_NAME = "$(TARGET_NAME)";
				TEST_HOST = "$(BUILT_PRODUCTS_DIR)/HypnoNerd.app/HypnoNerd";
			};
			name = Debug;
		};
		6167BCA419EFE48F0075760C /* Release */ = {
			isa = XCBuildConfiguration;
			buildSettings = {
				BUNDLE_LOADER = "$(TEST_HOST)";
				FRAMEWORK_SEARCH_PATHS = (
					"$(SDKROOT)/Developer/Library/Frameworks",
					"$(inherited)",
				);
				INFOPLIST_FILE = HypnoNerdTests/Info.plist;
				LD_RUNPATH_SEARCH_PATHS = "$(inherited) @executable_path/Frameworks @loader_path/Frameworks";
				PRODUCT_NAME = "$(TARGET_NAME)";
				TEST_HOST = "$(BUILT_PRODUCTS_DIR)/HypnoNerd.app/HypnoNerd";
			};
			name = Release;
		};
/* End XCBuildConfiguration section */

/* Begin XCConfigurationList section */
		6167BC7B19EFE48F0075760C /* Build configuration list for PBXProject "HypnoNerd" */ = {
			isa = XCConfigurationList;
			buildConfigurations = (
				6167BC9D19EFE48F0075760C /* Debug */,
				6167BC9E19EFE48F0075760C /* Release */,
			);
			defaultConfigurationIsVisible = 0;
			defaultConfigurationName = Release;
		};
		6167BC9F19EFE48F0075760C /* Build configuration list for PBXNativeTarget "HypnoNerd" */ = {
			isa = XCConfigurationList;
			buildConfigurations = (
				6167BCA019EFE48F0075760C /* Debug */,
				6167BCA119EFE48F0075760C /* Release */,
			);
			defaultConfigurationIsVisible = 0;
			defaultConfigurationName = Release;
		};
		6167BCA219EFE48F0075760C /* Build configuration list for PBXNativeTarget "HypnoNerdTests" */ = {
			isa = XCConfigurationList;
			buildConfigurations = (
				6167BCA319EFE48F0075760C /* Debug */,
				6167BCA419EFE48F0075760C /* Release */,
			);
			defaultConfigurationIsVisible = 0;
			defaultConfigurationName = Release;
		};
/* End XCConfigurationList section */
	};
	rootObject = 6167BC7819EFE48F0075760C /* Project object */;
}
