// !$*UTF8*$!
{
	archiveVersion = 1;
	classes = {
	};
	objectVersion = 46;
	objects = {

/* Begin PBXBuildFile section */
		6100EA151A31C53800AA6A4B /* NoteCell.xib in Resources */ = {isa = PBXBuildFile; fileRef = 6100EA141A31C53800AA6A4B /* NoteCell.xib */; };
		6150D0A11A14C03300E4590C /* NotesDetailViewController.m in Sources */ = {isa = PBXBuildFile; fileRef = 6150D09F1A14C03300E4590C /* NotesDetailViewController.m */; };
		6150D0A21A14C03300E4590C /* NotesDetailViewController.xib in Resources */ = {isa = PBXBuildFile; fileRef = 6150D0A01A14C03300E4590C /* NotesDetailViewController.xib */; };
		6155EC4D1A137C3E00BE143B /* Note.m in Sources */ = {isa = PBXBuildFile; fileRef = 6155EC4B1A137C3E00BE143B /* Note.m */; };
		617450CA1A442ECF0018D6AA /* NoteCellGrid.m in Sources */ = {isa = PBXBuildFile; fileRef = 617450C71A442ECF0018D6AA /* NoteCellGrid.m */; };
		617450CB1A442ECF0018D6AA /* NoteCellLarge.m in Sources */ = {isa = PBXBuildFile; fileRef = 617450C91A442ECF0018D6AA /* NoteCellLarge.m */; };
		617450FA1A4448DD0018D6AA /* MapPinViewController.m in Sources */ = {isa = PBXBuildFile; fileRef = 617450F61A4448DD0018D6AA /* MapPinViewController.m */; };
		617450FB1A4448DD0018D6AA /* MapPinViewController.xib in Resources */ = {isa = PBXBuildFile; fileRef = 617450F71A4448DD0018D6AA /* MapPinViewController.xib */; };
		617450FC1A4448DD0018D6AA /* MyPin.m in Sources */ = {isa = PBXBuildFile; fileRef = 617450F91A4448DD0018D6AA /* MyPin.m */; };
		6190C2271A124CE70046F016 /* NotesCollectionViewController.m in Sources */ = {isa = PBXBuildFile; fileRef = 6190C2251A124CE70046F016 /* NotesCollectionViewController.m */; };
		6190C2281A124CE70046F016 /* NotesCollectionViewController.xib in Resources */ = {isa = PBXBuildFile; fileRef = 6190C2261A124CE70046F016 /* NotesCollectionViewController.xib */; };
		6190C2301A1254920046F016 /* NoteCell.m in Sources */ = {isa = PBXBuildFile; fileRef = 6190C22F1A1254920046F016 /* NoteCell.m */; };
		61EB9CF11A4AF4E400D2BBAF /* MapKit.framework in Frameworks */ = {isa = PBXBuildFile; fileRef = 61EB9CF01A4AF4E400D2BBAF /* MapKit.framework */; };
		61EB9CFD1A4AFC2500D2BBAF /* MJPopupBackgroundView.m in Sources */ = {isa = PBXBuildFile; fileRef = 61EB9CFA1A4AFC2500D2BBAF /* MJPopupBackgroundView.m */; };
		61EB9CFE1A4AFC2500D2BBAF /* UIViewController+MJPopupViewController.m in Sources */ = {isa = PBXBuildFile; fileRef = 61EB9CFC1A4AFC2500D2BBAF /* UIViewController+MJPopupViewController.m */; };
		61EB9D011A4AFCF900D2BBAF /* AddTagsViewController.xib in Resources */ = {isa = PBXBuildFile; fileRef = 61EB9D001A4AFCF900D2BBAF /* AddTagsViewController.xib */; };
		755594E61A3DAE2800B30234 /* MMDrawerBarButtonItem.m in Sources */ = {isa = PBXBuildFile; fileRef = 755594DE1A3DAE2800B30234 /* MMDrawerBarButtonItem.m */; };
		755594E71A3DAE2800B30234 /* MMDrawerController.m in Sources */ = {isa = PBXBuildFile; fileRef = 755594E11A3DAE2800B30234 /* MMDrawerController.m */; };
		755594E81A3DAE2800B30234 /* MMDrawerVisualState.m in Sources */ = {isa = PBXBuildFile; fileRef = 755594E31A3DAE2800B30234 /* MMDrawerVisualState.m */; };
		755594E91A3DAE2800B30234 /* UIViewController+MMDrawerController.m in Sources */ = {isa = PBXBuildFile; fileRef = 755594E51A3DAE2800B30234 /* UIViewController+MMDrawerController.m */; };
		755594F21A3DB03700B30234 /* RearViewController.m in Sources */ = {isa = PBXBuildFile; fileRef = 755594F01A3DB03700B30234 /* RearViewController.m */; };
		755594F31A3DB03700B30234 /* RearViewController.xib in Resources */ = {isa = PBXBuildFile; fileRef = 755594F11A3DB03700B30234 /* RearViewController.xib */; };
		75CD431E1A3E259D002141ED /* NotesAddCell.xib in Resources */ = {isa = PBXBuildFile; fileRef = 75CD431D1A3E259D002141ED /* NotesAddCell.xib */; };
		75CD43211A3E2CB8002141ED /* NotesAddCell.m in Sources */ = {isa = PBXBuildFile; fileRef = 75CD43201A3E2CB8002141ED /* NotesAddCell.m */; };
		A70355271A319FC5008742C9 /* TagCollectionViewCell.m in Sources */ = {isa = PBXBuildFile; fileRef = A70355251A319FC5008742C9 /* TagCollectionViewCell.m */; };
		A70355281A319FC5008742C9 /* TagCollectionViewCell.xib in Resources */ = {isa = PBXBuildFile; fileRef = A70355261A319FC5008742C9 /* TagCollectionViewCell.xib */; };
		A705D6711A3ED25300B06FB6 /* aplause.wav in Resources */ = {isa = PBXBuildFile; fileRef = A705D6701A3ED25300B06FB6 /* aplause.wav */; };
		A705D6741A3ED6C900B06FB6 /* UIViewController+HandleShake.m in Sources */ = {isa = PBXBuildFile; fileRef = A705D6731A3ED6C900B06FB6 /* UIViewController+HandleShake.m */; };
		A705D67B1A3EED8900B06FB6 /* AddTagCollectionViewCell.m in Sources */ = {isa = PBXBuildFile; fileRef = A705D6791A3EED8900B06FB6 /* AddTagCollectionViewCell.m */; };
		A705D67C1A3EED8900B06FB6 /* AddTagCollectionViewCell.xib in Resources */ = {isa = PBXBuildFile; fileRef = A705D67A1A3EED8900B06FB6 /* AddTagCollectionViewCell.xib */; };
		A70650801A6903310022A6F3 /* NSDate+IfDay.m in Sources */ = {isa = PBXBuildFile; fileRef = A706507F1A6903310022A6F3 /* NSDate+IfDay.m */; };
		A70A33921A4045C500E81632 /* TagsSectionHeadersCollectionReusableView.m in Sources */ = {isa = PBXBuildFile; fileRef = A70A33901A4045C500E81632 /* TagsSectionHeadersCollectionReusableView.m */; };
		A70A33931A4045C500E81632 /* TagsSectionHeadersCollectionReusableView.xib in Resources */ = {isa = PBXBuildFile; fileRef = A70A33911A4045C500E81632 /* TagsSectionHeadersCollectionReusableView.xib */; };
		A70B587F1A440DB700BD434B /* AddTagsViewController.m in Sources */ = {isa = PBXBuildFile; fileRef = A70B587D1A440DB700BD434B /* AddTagsViewController.m */; };
		A70B588B1A44326700BD434B /* AllNotesTVC.m in Sources */ = {isa = PBXBuildFile; fileRef = A70B58891A44326700BD434B /* AllNotesTVC.m */; };
		A70B588C1A44326700BD434B /* AllNotesTVC.xib in Resources */ = {isa = PBXBuildFile; fileRef = A70B588A1A44326700BD434B /* AllNotesTVC.xib */; };
		A70B58911A4432C600BD434B /* AllNotesTVCell.m in Sources */ = {isa = PBXBuildFile; fileRef = A70B588F1A4432C600BD434B /* AllNotesTVCell.m */; };
		A70B58921A4432C600BD434B /* AllNotesTVCell.xib in Resources */ = {isa = PBXBuildFile; fileRef = A70B58901A4432C600BD434B /* AllNotesTVCell.xib */; };
		A71D04131A1112DB00308DD0 /* NotebooksTableViewController.m in Sources */ = {isa = PBXBuildFile; fileRef = A71D04121A1112DB00308DD0 /* NotebooksTableViewController.m */; };
		A71D35021A1B744100EA301B /* NotesStore.m in Sources */ = {isa = PBXBuildFile; fileRef = A71D35011A1B744100EA301B /* NotesStore.m */; };
		A720977C1A497E4F00086670 /* ImagesStore.m in Sources */ = {isa = PBXBuildFile; fileRef = A720977B1A497E4F00086670 /* ImagesStore.m */; };
		A72183011A10E950006E47E3 /* main.m in Sources */ = {isa = PBXBuildFile; fileRef = A72183001A10E950006E47E3 /* main.m */; };
		A72183041A10E950006E47E3 /* AppDelegate.m in Sources */ = {isa = PBXBuildFile; fileRef = A72183031A10E950006E47E3 /* AppDelegate.m */; };
		A721830C1A10E950006E47E3 /* Images.xcassets in Resources */ = {isa = PBXBuildFile; fileRef = A721830B1A10E950006E47E3 /* Images.xcassets */; };
		A721830F1A10E950006E47E3 /* LaunchScreen.xib in Resources */ = {isa = PBXBuildFile; fileRef = A721830D1A10E950006E47E3 /* LaunchScreen.xib */; };
		A721831B1A10E950006E47E3 /* ENoteTests.m in Sources */ = {isa = PBXBuildFile; fileRef = A721831A1A10E950006E47E3 /* ENoteTests.m */; };
		A74C00EE1A4AD54300216ADB /* NoteImagePreviewController.m in Sources */ = {isa = PBXBuildFile; fileRef = A74C00EC1A4AD54300216ADB /* NoteImagePreviewController.m */; };
		A74C00EF1A4AD54300216ADB /* NoteImagePreviewController.xib in Resources */ = {isa = PBXBuildFile; fileRef = A74C00ED1A4AD54300216ADB /* NoteImagePreviewController.xib */; };
		A74FE0B81A1B86BA0005F74D /* ENoteCommons.m in Sources */ = {isa = PBXBuildFile; fileRef = A74FE0B71A1B86BA0005F74D /* ENoteCommons.m */; };
		A756D0C41A24D4A200A7F374 /* Item.m in Sources */ = {isa = PBXBuildFile; fileRef = A756D0C31A24D4A200A7F374 /* Item.m */; };
		A78A19051A5C062800BD627A /* NoteLargeCell.m in Sources */ = {isa = PBXBuildFile; fileRef = A78A19031A5C062800BD627A /* NoteLargeCell.m */; };
		A78A19061A5C062800BD627A /* NoteLargeCell.xib in Resources */ = {isa = PBXBuildFile; fileRef = A78A19041A5C062800BD627A /* NoteLargeCell.xib */; };
		A78A190A1A5C1A0100BD627A /* NoteTagsCollectionViewController.m in Sources */ = {isa = PBXBuildFile; fileRef = A78A19081A5C1A0100BD627A /* NoteTagsCollectionViewController.m */; };
		A78A190B1A5C1A0100BD627A /* NoteTagsCollectionViewController.xib in Resources */ = {isa = PBXBuildFile; fileRef = A78A19091A5C1A0100BD627A /* NoteTagsCollectionViewController.xib */; };
		A7AE42DC1A484FB300356C84 /* NoteImagesCollectionViewController.m in Sources */ = {isa = PBXBuildFile; fileRef = A7AE42DA1A484FB300356C84 /* NoteImagesCollectionViewController.m */; };
		A7AE42DD1A484FB300356C84 /* NoteImagesCollectionViewController.xib in Resources */ = {isa = PBXBuildFile; fileRef = A7AE42DB1A484FB300356C84 /* NoteImagesCollectionViewController.xib */; };
		A7AE42E21A48551500356C84 /* NoteImagesCollectionViewCell.m in Sources */ = {isa = PBXBuildFile; fileRef = A7AE42E01A48551500356C84 /* NoteImagesCollectionViewCell.m */; };
		A7AE42E31A48551500356C84 /* NoteImagesCollectionViewCell.xib in Resources */ = {isa = PBXBuildFile; fileRef = A7AE42E11A48551500356C84 /* NoteImagesCollectionViewCell.xib */; };
		A7AE42E81A4858B300356C84 /* AddNoteImageCollectionViewCell.m in Sources */ = {isa = PBXBuildFile; fileRef = A7AE42E61A4858B300356C84 /* AddNoteImageCollectionViewCell.m */; };
		A7AE42E91A4858B300356C84 /* AddNoteImageCollectionViewCell.xib in Resources */ = {isa = PBXBuildFile; fileRef = A7AE42E71A4858B300356C84 /* AddNoteImageCollectionViewCell.xib */; };
		A7AEEB621A28C4460091FE09 /* Tag.m in Sources */ = {isa = PBXBuildFile; fileRef = A7AEEB611A28C4460091FE09 /* Tag.m */; };
		A7AEEB681A28CEBF0091FE09 /* TagsStore.m in Sources */ = {isa = PBXBuildFile; fileRef = A7AEEB671A28CEBF0091FE09 /* TagsStore.m */; };
		A7D73BD41A3850E0009A21FA /* AllTagsCollectionViewController.m in Sources */ = {isa = PBXBuildFile; fileRef = A7D73BD21A3850E0009A21FA /* AllTagsCollectionViewController.m */; };
		A7D73BD51A3850E0009A21FA /* AllTagsCollectionViewController.xib in Resources */ = {isa = PBXBuildFile; fileRef = A7D73BD31A3850E0009A21FA /* AllTagsCollectionViewController.xib */; };
		A7D73BD91A3855F3009A21FA /* UICollectionViewLeftAlignedLayout.m in Sources */ = {isa = PBXBuildFile; fileRef = A7D73BD81A3855F3009A21FA /* UICollectionViewLeftAlignedLayout.m */; };
		A7D9ACB31A1246D600B8376A /* Notebook.m in Sources */ = {isa = PBXBuildFile; fileRef = A7D9ACB21A1246D600B8376A /* Notebook.m */; };
		A7D9ACB61A12486300B8376A /* NotebooksStore.m in Sources */ = {isa = PBXBuildFile; fileRef = A7D9ACB51A12486300B8376A /* NotebooksStore.m */; };
		A7D9ACBF1A12511700B8376A /* NotebooksTableViewCell.m in Sources */ = {isa = PBXBuildFile; fileRef = A7D9ACBD1A12511700B8376A /* NotebooksTableViewCell.m */; };
		A7D9ACC01A12511700B8376A /* NotebooksTableViewCell.xib in Resources */ = {isa = PBXBuildFile; fileRef = A7D9ACBE1A12511700B8376A /* NotebooksTableViewCell.xib */; };
		A7D9ACC41A1357A900B8376A /* NotebooksTableViewController.xib in Resources */ = {isa = PBXBuildFile; fileRef = A7D9ACC31A1357A900B8376A /* NotebooksTableViewController.xib */; };
		A7D9ACCD1A13754400B8376A /* NotebooksTableViewDataSource.m in Sources */ = {isa = PBXBuildFile; fileRef = A7D9ACCC1A13754400B8376A /* NotebooksTableViewDataSource.m */; };
/* End PBXBuildFile section */

/* Begin PBXContainerItemProxy section */
		A72183151A10E950006E47E3 /* PBXContainerItemProxy */ = {
			isa = PBXContainerItemProxy;
			containerPortal = A72182F31A10E950006E47E3 /* Project object */;
			proxyType = 1;
			remoteGlobalIDString = A72182FA1A10E950006E47E3;
			remoteInfo = ENote;
		};
/* End PBXContainerItemProxy section */

/* Begin PBXFileReference section */
		6100EA141A31C53800AA6A4B /* NoteCell.xib */ = {isa = PBXFileReference; fileEncoding = 4; lastKnownFileType = file.xib; path = NoteCell.xib; sourceTree = "<group>"; };
		6150D09E1A14C03300E4590C /* NotesDetailViewController.h */ = {isa = PBXFileReference; fileEncoding = 4; lastKnownFileType = sourcecode.c.h; path = NotesDetailViewController.h; sourceTree = "<group>"; };
		6150D09F1A14C03300E4590C /* NotesDetailViewController.m */ = {isa = PBXFileReference; fileEncoding = 4; lastKnownFileType = sourcecode.c.objc; path = NotesDetailViewController.m; sourceTree = "<group>"; };
		6150D0A01A14C03300E4590C /* NotesDetailViewController.xib */ = {isa = PBXFileReference; fileEncoding = 4; lastKnownFileType = file.xib; path = NotesDetailViewController.xib; sourceTree = "<group>"; };
		6155EC4A1A137C3E00BE143B /* Note.h */ = {isa = PBXFileReference; fileEncoding = 4; lastKnownFileType = sourcecode.c.h; path = Note.h; sourceTree = "<group>"; };
		6155EC4B1A137C3E00BE143B /* Note.m */ = {isa = PBXFileReference; fileEncoding = 4; lastKnownFileType = sourcecode.c.objc; path = Note.m; sourceTree = "<group>"; };
		617450C61A442ECF0018D6AA /* NoteCellGrid.h */ = {isa = PBXFileReference; fileEncoding = 4; lastKnownFileType = sourcecode.c.h; path = NoteCellGrid.h; sourceTree = "<group>"; };
		617450C71A442ECF0018D6AA /* NoteCellGrid.m */ = {isa = PBXFileReference; fileEncoding = 4; lastKnownFileType = sourcecode.c.objc; path = NoteCellGrid.m; sourceTree = "<group>"; };
		617450C81A442ECF0018D6AA /* NoteCellLarge.h */ = {isa = PBXFileReference; fileEncoding = 4; lastKnownFileType = sourcecode.c.h; path = NoteCellLarge.h; sourceTree = "<group>"; };
		617450C91A442ECF0018D6AA /* NoteCellLarge.m */ = {isa = PBXFileReference; fileEncoding = 4; lastKnownFileType = sourcecode.c.objc; path = NoteCellLarge.m; sourceTree = "<group>"; };
		617450F51A4448DD0018D6AA /* MapPinViewController.h */ = {isa = PBXFileReference; fileEncoding = 4; lastKnownFileType = sourcecode.c.h; path = MapPinViewController.h; sourceTree = "<group>"; };
		617450F61A4448DD0018D6AA /* MapPinViewController.m */ = {isa = PBXFileReference; fileEncoding = 4; lastKnownFileType = sourcecode.c.objc; path = MapPinViewController.m; sourceTree = "<group>"; };
		617450F71A4448DD0018D6AA /* MapPinViewController.xib */ = {isa = PBXFileReference; fileEncoding = 4; lastKnownFileType = file.xib; path = MapPinViewController.xib; sourceTree = "<group>"; };
		617450F81A4448DD0018D6AA /* MyPin.h */ = {isa = PBXFileReference; fileEncoding = 4; lastKnownFileType = sourcecode.c.h; path = MyPin.h; sourceTree = "<group>"; };
		617450F91A4448DD0018D6AA /* MyPin.m */ = {isa = PBXFileReference; fileEncoding = 4; lastKnownFileType = sourcecode.c.objc; path = MyPin.m; sourceTree = "<group>"; };
		6190C2241A124CE70046F016 /* NotesCollectionViewController.h */ = {isa = PBXFileReference; fileEncoding = 4; lastKnownFileType = sourcecode.c.h; path = NotesCollectionViewController.h; sourceTree = "<group>"; };
		6190C2251A124CE70046F016 /* NotesCollectionViewController.m */ = {isa = PBXFileReference; fileEncoding = 4; lastKnownFileType = sourcecode.c.objc; path = NotesCollectionViewController.m; sourceTree = "<group>"; };
		6190C2261A124CE70046F016 /* NotesCollectionViewController.xib */ = {isa = PBXFileReference; fileEncoding = 4; lastKnownFileType = file.xib; path = NotesCollectionViewController.xib; sourceTree = "<group>"; };
		6190C22E1A1254920046F016 /* NoteCell.h */ = {isa = PBXFileReference; fileEncoding = 4; lastKnownFileType = sourcecode.c.h; path = NoteCell.h; sourceTree = "<group>"; };
		6190C22F1A1254920046F016 /* NoteCell.m */ = {isa = PBXFileReference; fileEncoding = 4; lastKnownFileType = sourcecode.c.objc; path = NoteCell.m; sourceTree = "<group>"; };
		61EB9CF01A4AF4E400D2BBAF /* MapKit.framework */ = {isa = PBXFileReference; lastKnownFileType = wrapper.framework; name = MapKit.framework; path = System/Library/Frameworks/MapKit.framework; sourceTree = SDKROOT; };
		61EB9CF91A4AFC2500D2BBAF /* MJPopupBackgroundView.h */ = {isa = PBXFileReference; fileEncoding = 4; lastKnownFileType = sourcecode.c.h; path = MJPopupBackgroundView.h; sourceTree = "<group>"; };
		61EB9CFA1A4AFC2500D2BBAF /* MJPopupBackgroundView.m */ = {isa = PBXFileReference; fileEncoding = 4; lastKnownFileType = sourcecode.c.objc; path = MJPopupBackgroundView.m; sourceTree = "<group>"; };
		61EB9CFB1A4AFC2500D2BBAF /* UIViewController+MJPopupViewController.h */ = {isa = PBXFileReference; fileEncoding = 4; lastKnownFileType = sourcecode.c.h; path = "UIViewController+MJPopupViewController.h"; sourceTree = "<group>"; };
		61EB9CFC1A4AFC2500D2BBAF /* UIViewController+MJPopupViewController.m */ = {isa = PBXFileReference; fileEncoding = 4; lastKnownFileType = sourcecode.c.objc; path = "UIViewController+MJPopupViewController.m"; sourceTree = "<group>"; };
		61EB9D001A4AFCF900D2BBAF /* AddTagsViewController.xib */ = {isa = PBXFileReference; fileEncoding = 4; lastKnownFileType = file.xib; path = AddTagsViewController.xib; sourceTree = "<group>"; };
		755594DD1A3DAE2800B30234 /* MMDrawerBarButtonItem.h */ = {isa = PBXFileReference; fileEncoding = 4; lastKnownFileType = sourcecode.c.h; path = MMDrawerBarButtonItem.h; sourceTree = "<group>"; };
		755594DE1A3DAE2800B30234 /* MMDrawerBarButtonItem.m */ = {isa = PBXFileReference; fileEncoding = 4; lastKnownFileType = sourcecode.c.objc; path = MMDrawerBarButtonItem.m; sourceTree = "<group>"; };
		755594DF1A3DAE2800B30234 /* MMDrawerController+Subclass.h */ = {isa = PBXFileReference; fileEncoding = 4; lastKnownFileType = sourcecode.c.h; path = "MMDrawerController+Subclass.h"; sourceTree = "<group>"; };
		755594E01A3DAE2800B30234 /* MMDrawerController.h */ = {isa = PBXFileReference; fileEncoding = 4; lastKnownFileType = sourcecode.c.h; path = MMDrawerController.h; sourceTree = "<group>"; };
		755594E11A3DAE2800B30234 /* MMDrawerController.m */ = {isa = PBXFileReference; fileEncoding = 4; lastKnownFileType = sourcecode.c.objc; path = MMDrawerController.m; sourceTree = "<group>"; };
		755594E21A3DAE2800B30234 /* MMDrawerVisualState.h */ = {isa = PBXFileReference; fileEncoding = 4; lastKnownFileType = sourcecode.c.h; path = MMDrawerVisualState.h; sourceTree = "<group>"; };
		755594E31A3DAE2800B30234 /* MMDrawerVisualState.m */ = {isa = PBXFileReference; fileEncoding = 4; lastKnownFileType = sourcecode.c.objc; path = MMDrawerVisualState.m; sourceTree = "<group>"; };
		755594E41A3DAE2800B30234 /* UIViewController+MMDrawerController.h */ = {isa = PBXFileReference; fileEncoding = 4; lastKnownFileType = sourcecode.c.h; path = "UIViewController+MMDrawerController.h"; sourceTree = "<group>"; };
		755594E51A3DAE2800B30234 /* UIViewController+MMDrawerController.m */ = {isa = PBXFileReference; fileEncoding = 4; lastKnownFileType = sourcecode.c.objc; path = "UIViewController+MMDrawerController.m"; sourceTree = "<group>"; };
		755594EF1A3DB03700B30234 /* RearViewController.h */ = {isa = PBXFileReference; fileEncoding = 4; lastKnownFileType = sourcecode.c.h; path = RearViewController.h; sourceTree = "<group>"; };
		755594F01A3DB03700B30234 /* RearViewController.m */ = {isa = PBXFileReference; fileEncoding = 4; lastKnownFileType = sourcecode.c.objc; path = RearViewController.m; sourceTree = "<group>"; };
		755594F11A3DB03700B30234 /* RearViewController.xib */ = {isa = PBXFileReference; fileEncoding = 4; lastKnownFileType = file.xib; path = RearViewController.xib; sourceTree = "<group>"; };
		75CD431D1A3E259D002141ED /* NotesAddCell.xib */ = {isa = PBXFileReference; fileEncoding = 4; lastKnownFileType = file.xib; path = NotesAddCell.xib; sourceTree = "<group>"; };
		75CD431F1A3E2CB8002141ED /* NotesAddCell.h */ = {isa = PBXFileReference; fileEncoding = 4; lastKnownFileType = sourcecode.c.h; path = NotesAddCell.h; sourceTree = "<group>"; };
		75CD43201A3E2CB8002141ED /* NotesAddCell.m */ = {isa = PBXFileReference; fileEncoding = 4; lastKnownFileType = sourcecode.c.objc; path = NotesAddCell.m; sourceTree = "<group>"; };
		A70355241A319FC5008742C9 /* TagCollectionViewCell.h */ = {isa = PBXFileReference; fileEncoding = 4; lastKnownFileType = sourcecode.c.h; path = TagCollectionViewCell.h; sourceTree = "<group>"; };
		A70355251A319FC5008742C9 /* TagCollectionViewCell.m */ = {isa = PBXFileReference; fileEncoding = 4; lastKnownFileType = sourcecode.c.objc; path = TagCollectionViewCell.m; sourceTree = "<group>"; };
		A70355261A319FC5008742C9 /* TagCollectionViewCell.xib */ = {isa = PBXFileReference; fileEncoding = 4; lastKnownFileType = file.xib; path = TagCollectionViewCell.xib; sourceTree = "<group>"; };
		A705D6701A3ED25300B06FB6 /* aplause.wav */ = {isa = PBXFileReference; lastKnownFileType = audio.wav; path = aplause.wav; sourceTree = "<group>"; };
		A705D6721A3ED6C900B06FB6 /* UIViewController+HandleShake.h */ = {isa = PBXFileReference; fileEncoding = 4; lastKnownFileType = sourcecode.c.h; path = "UIViewController+HandleShake.h"; sourceTree = "<group>"; };
		A705D6731A3ED6C900B06FB6 /* UIViewController+HandleShake.m */ = {isa = PBXFileReference; fileEncoding = 4; lastKnownFileType = sourcecode.c.objc; path = "UIViewController+HandleShake.m"; sourceTree = "<group>"; };
		A705D6781A3EED8900B06FB6 /* AddTagCollectionViewCell.h */ = {isa = PBXFileReference; fileEncoding = 4; lastKnownFileType = sourcecode.c.h; path = AddTagCollectionViewCell.h; sourceTree = "<group>"; };
		A705D6791A3EED8900B06FB6 /* AddTagCollectionViewCell.m */ = {isa = PBXFileReference; fileEncoding = 4; lastKnownFileType = sourcecode.c.objc; path = AddTagCollectionViewCell.m; sourceTree = "<group>"; };
		A705D67A1A3EED8900B06FB6 /* AddTagCollectionViewCell.xib */ = {isa = PBXFileReference; fileEncoding = 4; lastKnownFileType = file.xib; path = AddTagCollectionViewCell.xib; sourceTree = "<group>"; };
		A706507E1A6903310022A6F3 /* NSDate+IfDay.h */ = {isa = PBXFileReference; fileEncoding = 4; lastKnownFileType = sourcecode.c.h; path = "NSDate+IfDay.h"; sourceTree = "<group>"; };
		A706507F1A6903310022A6F3 /* NSDate+IfDay.m */ = {isa = PBXFileReference; fileEncoding = 4; lastKnownFileType = sourcecode.c.objc; path = "NSDate+IfDay.m"; sourceTree = "<group>"; };
		A70A338F1A4045C500E81632 /* TagsSectionHeadersCollectionReusableView.h */ = {isa = PBXFileReference; fileEncoding = 4; lastKnownFileType = sourcecode.c.h; path = TagsSectionHeadersCollectionReusableView.h; sourceTree = "<group>"; };
		A70A33901A4045C500E81632 /* TagsSectionHeadersCollectionReusableView.m */ = {isa = PBXFileReference; fileEncoding = 4; lastKnownFileType = sourcecode.c.objc; path = TagsSectionHeadersCollectionReusableView.m; sourceTree = "<group>"; };
		A70A33911A4045C500E81632 /* TagsSectionHeadersCollectionReusableView.xib */ = {isa = PBXFileReference; fileEncoding = 4; lastKnownFileType = file.xib; path = TagsSectionHeadersCollectionReusableView.xib; sourceTree = "<group>"; };
		A70B587C1A440DB700BD434B /* AddTagsViewController.h */ = {isa = PBXFileReference; fileEncoding = 4; lastKnownFileType = sourcecode.c.h; path = AddTagsViewController.h; sourceTree = "<group>"; };
		A70B587D1A440DB700BD434B /* AddTagsViewController.m */ = {isa = PBXFileReference; fileEncoding = 4; lastKnownFileType = sourcecode.c.objc; path = AddTagsViewController.m; sourceTree = "<group>"; };
		A70B58881A44326700BD434B /* AllNotesTVC.h */ = {isa = PBXFileReference; fileEncoding = 4; lastKnownFileType = sourcecode.c.h; path = AllNotesTVC.h; sourceTree = "<group>"; };
		A70B58891A44326700BD434B /* AllNotesTVC.m */ = {isa = PBXFileReference; fileEncoding = 4; lastKnownFileType = sourcecode.c.objc; path = AllNotesTVC.m; sourceTree = "<group>"; };
		A70B588A1A44326700BD434B /* AllNotesTVC.xib */ = {isa = PBXFileReference; fileEncoding = 4; lastKnownFileType = file.xib; path = AllNotesTVC.xib; sourceTree = "<group>"; };
		A70B588E1A4432C600BD434B /* AllNotesTVCell.h */ = {isa = PBXFileReference; fileEncoding = 4; lastKnownFileType = sourcecode.c.h; path = AllNotesTVCell.h; sourceTree = "<group>"; };
		A70B588F1A4432C600BD434B /* AllNotesTVCell.m */ = {isa = PBXFileReference; fileEncoding = 4; lastKnownFileType = sourcecode.c.objc; path = AllNotesTVCell.m; sourceTree = "<group>"; };
		A70B58901A4432C600BD434B /* AllNotesTVCell.xib */ = {isa = PBXFileReference; fileEncoding = 4; lastKnownFileType = file.xib; path = AllNotesTVCell.xib; sourceTree = "<group>"; };
		A71D04111A1112DB00308DD0 /* NotebooksTableViewController.h */ = {isa = PBXFileReference; fileEncoding = 4; lastKnownFileType = sourcecode.c.h; path = NotebooksTableViewController.h; sourceTree = "<group>"; };
		A71D04121A1112DB00308DD0 /* NotebooksTableViewController.m */ = {isa = PBXFileReference; fileEncoding = 4; lastKnownFileType = sourcecode.c.objc; path = NotebooksTableViewController.m; sourceTree = "<group>"; };
		A71D35001A1B744100EA301B /* NotesStore.h */ = {isa = PBXFileReference; fileEncoding = 4; lastKnownFileType = sourcecode.c.h; path = NotesStore.h; sourceTree = "<group>"; };
		A71D35011A1B744100EA301B /* NotesStore.m */ = {isa = PBXFileReference; fileEncoding = 4; lastKnownFileType = sourcecode.c.objc; path = NotesStore.m; sourceTree = "<group>"; };
		A720977A1A497E4F00086670 /* ImagesStore.h */ = {isa = PBXFileReference; fileEncoding = 4; lastKnownFileType = sourcecode.c.h; path = ImagesStore.h; sourceTree = "<group>"; };
		A720977B1A497E4F00086670 /* ImagesStore.m */ = {isa = PBXFileReference; fileEncoding = 4; lastKnownFileType = sourcecode.c.objc; path = ImagesStore.m; sourceTree = "<group>"; };
		A72182FB1A10E950006E47E3 /* ENote.app */ = {isa = PBXFileReference; explicitFileType = wrapper.application; includeInIndex = 0; path = ENote.app; sourceTree = BUILT_PRODUCTS_DIR; };
		A72182FF1A10E950006E47E3 /* Info.plist */ = {isa = PBXFileReference; lastKnownFileType = text.plist.xml; path = Info.plist; sourceTree = "<group>"; };
		A72183001A10E950006E47E3 /* main.m */ = {isa = PBXFileReference; lastKnownFileType = sourcecode.c.objc; path = main.m; sourceTree = "<group>"; };
		A72183021A10E950006E47E3 /* AppDelegate.h */ = {isa = PBXFileReference; lastKnownFileType = sourcecode.c.h; path = AppDelegate.h; sourceTree = "<group>"; };
		A72183031A10E950006E47E3 /* AppDelegate.m */ = {isa = PBXFileReference; lastKnownFileType = sourcecode.c.objc; path = AppDelegate.m; sourceTree = "<group>"; };
		A721830B1A10E950006E47E3 /* Images.xcassets */ = {isa = PBXFileReference; lastKnownFileType = folder.assetcatalog; path = Images.xcassets; sourceTree = "<group>"; };
		A721830E1A10E950006E47E3 /* Base */ = {isa = PBXFileReference; lastKnownFileType = file.xib; name = Base; path = Base.lproj/LaunchScreen.xib; sourceTree = "<group>"; };
		A72183141A10E950006E47E3 /* ENoteTests.xctest */ = {isa = PBXFileReference; explicitFileType = wrapper.cfbundle; includeInIndex = 0; path = ENoteTests.xctest; sourceTree = BUILT_PRODUCTS_DIR; };
		A72183191A10E950006E47E3 /* Info.plist */ = {isa = PBXFileReference; lastKnownFileType = text.plist.xml; path = Info.plist; sourceTree = "<group>"; };
		A721831A1A10E950006E47E3 /* ENoteTests.m */ = {isa = PBXFileReference; lastKnownFileType = sourcecode.c.objc; path = ENoteTests.m; sourceTree = "<group>"; };
		A72E4FB31A5AA88C002B653A /* ENote.entitlements */ = {isa = PBXFileReference; lastKnownFileType = text.xml; path = ENote.entitlements; sourceTree = "<group>"; };
		A74C00EB1A4AD54300216ADB /* NoteImagePreviewController.h */ = {isa = PBXFileReference; fileEncoding = 4; lastKnownFileType = sourcecode.c.h; path = NoteImagePreviewController.h; sourceTree = "<group>"; };
		A74C00EC1A4AD54300216ADB /* NoteImagePreviewController.m */ = {isa = PBXFileReference; fileEncoding = 4; lastKnownFileType = sourcecode.c.objc; path = NoteImagePreviewController.m; sourceTree = "<group>"; };
		A74C00ED1A4AD54300216ADB /* NoteImagePreviewController.xib */ = {isa = PBXFileReference; fileEncoding = 4; lastKnownFileType = file.xib; path = NoteImagePreviewController.xib; sourceTree = "<group>"; };
		A74FE0B61A1B86BA0005F74D /* ENoteCommons.h */ = {isa = PBXFileReference; fileEncoding = 4; lastKnownFileType = sourcecode.c.h; path = ENoteCommons.h; sourceTree = "<group>"; };
		A74FE0B71A1B86BA0005F74D /* ENoteCommons.m */ = {isa = PBXFileReference; fileEncoding = 4; lastKnownFileType = sourcecode.c.objc; path = ENoteCommons.m; sourceTree = "<group>"; };
		A756D0C21A24D4A200A7F374 /* Item.h */ = {isa = PBXFileReference; fileEncoding = 4; lastKnownFileType = sourcecode.c.h; path = Item.h; sourceTree = "<group>"; };
		A756D0C31A24D4A200A7F374 /* Item.m */ = {isa = PBXFileReference; fileEncoding = 4; lastKnownFileType = sourcecode.c.objc; path = Item.m; sourceTree = "<group>"; };
		A78A19021A5C062800BD627A /* NoteLargeCell.h */ = {isa = PBXFileReference; fileEncoding = 4; lastKnownFileType = sourcecode.c.h; path = NoteLargeCell.h; sourceTree = "<group>"; };
		A78A19031A5C062800BD627A /* NoteLargeCell.m */ = {isa = PBXFileReference; fileEncoding = 4; lastKnownFileType = sourcecode.c.objc; path = NoteLargeCell.m; sourceTree = "<group>"; };
		A78A19041A5C062800BD627A /* NoteLargeCell.xib */ = {isa = PBXFileReference; fileEncoding = 4; lastKnownFileType = file.xib; path = NoteLargeCell.xib; sourceTree = "<group>"; };
		A78A19071A5C1A0100BD627A /* NoteTagsCollectionViewController.h */ = {isa = PBXFileReference; fileEncoding = 4; lastKnownFileType = sourcecode.c.h; path = NoteTagsCollectionViewController.h; sourceTree = "<group>"; };
		A78A19081A5C1A0100BD627A /* NoteTagsCollectionViewController.m */ = {isa = PBXFileReference; fileEncoding = 4; lastKnownFileType = sourcecode.c.objc; path = NoteTagsCollectionViewController.m; sourceTree = "<group>"; };
		A78A19091A5C1A0100BD627A /* NoteTagsCollectionViewController.xib */ = {isa = PBXFileReference; fileEncoding = 4; lastKnownFileType = file.xib; path = NoteTagsCollectionViewController.xib; sourceTree = "<group>"; };
		A7AE42D91A484FB300356C84 /* NoteImagesCollectionViewController.h */ = {isa = PBXFileReference; fileEncoding = 4; lastKnownFileType = sourcecode.c.h; path = NoteImagesCollectionViewController.h; sourceTree = "<group>"; };
		A7AE42DA1A484FB300356C84 /* NoteImagesCollectionViewController.m */ = {isa = PBXFileReference; fileEncoding = 4; lastKnownFileType = sourcecode.c.objc; path = NoteImagesCollectionViewController.m; sourceTree = "<group>"; };
		A7AE42DB1A484FB300356C84 /* NoteImagesCollectionViewController.xib */ = {isa = PBXFileReference; fileEncoding = 4; lastKnownFileType = file.xib; path = NoteImagesCollectionViewController.xib; sourceTree = "<group>"; };
		A7AE42DF1A48551500356C84 /* NoteImagesCollectionViewCell.h */ = {isa = PBXFileReference; fileEncoding = 4; lastKnownFileType = sourcecode.c.h; path = NoteImagesCollectionViewCell.h; sourceTree = "<group>"; };
		A7AE42E01A48551500356C84 /* NoteImagesCollectionViewCell.m */ = {isa = PBXFileReference; fileEncoding = 4; lastKnownFileType = sourcecode.c.objc; path = NoteImagesCollectionViewCell.m; sourceTree = "<group>"; };
		A7AE42E11A48551500356C84 /* NoteImagesCollectionViewCell.xib */ = {isa = PBXFileReference; fileEncoding = 4; lastKnownFileType = file.xib; path = NoteImagesCollectionViewCell.xib; sourceTree = "<group>"; };
		A7AE42E51A4858B300356C84 /* AddNoteImageCollectionViewCell.h */ = {isa = PBXFileReference; fileEncoding = 4; lastKnownFileType = sourcecode.c.h; path = AddNoteImageCollectionViewCell.h; sourceTree = "<group>"; };
		A7AE42E61A4858B300356C84 /* AddNoteImageCollectionViewCell.m */ = {isa = PBXFileReference; fileEncoding = 4; lastKnownFileType = sourcecode.c.objc; path = AddNoteImageCollectionViewCell.m; sourceTree = "<group>"; };
		A7AE42E71A4858B300356C84 /* AddNoteImageCollectionViewCell.xib */ = {isa = PBXFileReference; fileEncoding = 4; lastKnownFileType = file.xib; path = AddNoteImageCollectionViewCell.xib; sourceTree = "<group>"; };
		A7AEEB601A28C4460091FE09 /* Tag.h */ = {isa = PBXFileReference; fileEncoding = 4; lastKnownFileType = sourcecode.c.h; path = Tag.h; sourceTree = "<group>"; };
		A7AEEB611A28C4460091FE09 /* Tag.m */ = {isa = PBXFileReference; fileEncoding = 4; lastKnownFileType = sourcecode.c.objc; path = Tag.m; sourceTree = "<group>"; };
		A7AEEB661A28CEBF0091FE09 /* TagsStore.h */ = {isa = PBXFileReference; fileEncoding = 4; lastKnownFileType = sourcecode.c.h; path = TagsStore.h; sourceTree = "<group>"; };
		A7AEEB671A28CEBF0091FE09 /* TagsStore.m */ = {isa = PBXFileReference; fileEncoding = 4; lastKnownFileType = sourcecode.c.objc; path = TagsStore.m; sourceTree = "<group>"; };
		A7D73BD11A3850E0009A21FA /* AllTagsCollectionViewController.h */ = {isa = PBXFileReference; fileEncoding = 4; lastKnownFileType = sourcecode.c.h; path = AllTagsCollectionViewController.h; sourceTree = "<group>"; };
		A7D73BD21A3850E0009A21FA /* AllTagsCollectionViewController.m */ = {isa = PBXFileReference; fileEncoding = 4; lastKnownFileType = sourcecode.c.objc; path = AllTagsCollectionViewController.m; sourceTree = "<group>"; };
		A7D73BD31A3850E0009A21FA /* AllTagsCollectionViewController.xib */ = {isa = PBXFileReference; fileEncoding = 4; lastKnownFileType = file.xib; path = AllTagsCollectionViewController.xib; sourceTree = "<group>"; };
		A7D73BD71A3855F3009A21FA /* UICollectionViewLeftAlignedLayout.h */ = {isa = PBXFileReference; fileEncoding = 4; lastKnownFileType = sourcecode.c.h; path = UICollectionViewLeftAlignedLayout.h; sourceTree = "<group>"; };
		A7D73BD81A3855F3009A21FA /* UICollectionViewLeftAlignedLayout.m */ = {isa = PBXFileReference; fileEncoding = 4; lastKnownFileType = sourcecode.c.objc; path = UICollectionViewLeftAlignedLayout.m; sourceTree = "<group>"; };
		A7D9ACB11A1246D600B8376A /* Notebook.h */ = {isa = PBXFileReference; fileEncoding = 4; lastKnownFileType = sourcecode.c.h; path = Notebook.h; sourceTree = "<group>"; };
		A7D9ACB21A1246D600B8376A /* Notebook.m */ = {isa = PBXFileReference; fileEncoding = 4; lastKnownFileType = sourcecode.c.objc; path = Notebook.m; sourceTree = "<group>"; };
		A7D9ACB41A12486300B8376A /* NotebooksStore.h */ = {isa = PBXFileReference; fileEncoding = 4; lastKnownFileType = sourcecode.c.h; path = NotebooksStore.h; sourceTree = "<group>"; };
		A7D9ACB51A12486300B8376A /* NotebooksStore.m */ = {isa = PBXFileReference; fileEncoding = 4; lastKnownFileType = sourcecode.c.objc; path = NotebooksStore.m; sourceTree = "<group>"; };
		A7D9ACBC1A12511700B8376A /* NotebooksTableViewCell.h */ = {isa = PBXFileReference; fileEncoding = 4; lastKnownFileType = sourcecode.c.h; path = NotebooksTableViewCell.h; sourceTree = "<group>"; };
		A7D9ACBD1A12511700B8376A /* NotebooksTableViewCell.m */ = {isa = PBXFileReference; fileEncoding = 4; lastKnownFileType = sourcecode.c.objc; path = NotebooksTableViewCell.m; sourceTree = "<group>"; };
		A7D9ACBE1A12511700B8376A /* NotebooksTableViewCell.xib */ = {isa = PBXFileReference; fileEncoding = 4; lastKnownFileType = file.xib; path = NotebooksTableViewCell.xib; sourceTree = "<group>"; };
		A7D9ACC31A1357A900B8376A /* NotebooksTableViewController.xib */ = {isa = PBXFileReference; fileEncoding = 4; lastKnownFileType = file.xib; path = NotebooksTableViewController.xib; sourceTree = "<group>"; };
		A7D9ACCB1A13754400B8376A /* NotebooksTableViewDataSource.h */ = {isa = PBXFileReference; fileEncoding = 4; lastKnownFileType = sourcecode.c.h; path = NotebooksTableViewDataSource.h; sourceTree = "<group>"; };
		A7D9ACCC1A13754400B8376A /* NotebooksTableViewDataSource.m */ = {isa = PBXFileReference; fileEncoding = 4; lastKnownFileType = sourcecode.c.objc; path = NotebooksTableViewDataSource.m; sourceTree = "<group>"; };
/* End PBXFileReference section */

/* Begin PBXFrameworksBuildPhase section */
		A72182F81A10E950006E47E3 /* Frameworks */ = {
			isa = PBXFrameworksBuildPhase;
			buildActionMask = 2147483647;
			files = (
				61EB9CF11A4AF4E400D2BBAF /* MapKit.framework in Frameworks */,
			);
			runOnlyForDeploymentPostprocessing = 0;
		};
		A72183111A10E950006E47E3 /* Frameworks */ = {
			isa = PBXFrameworksBuildPhase;
			buildActionMask = 2147483647;
			files = (
			);
			runOnlyForDeploymentPostprocessing = 0;
		};
/* End PBXFrameworksBuildPhase section */

/* Begin PBXGroup section */
		6155EC471A137C3600BE143B /* Model */ = {
			isa = PBXGroup;
			children = (
				A7D9ACB11A1246D600B8376A /* Notebook.h */,
				A7D9ACB21A1246D600B8376A /* Notebook.m */,
				6155EC4A1A137C3E00BE143B /* Note.h */,
				6155EC4B1A137C3E00BE143B /* Note.m */,
				A7AEEB601A28C4460091FE09 /* Tag.h */,
				A7AEEB611A28C4460091FE09 /* Tag.m */,
				A756D0C21A24D4A200A7F374 /* Item.h */,
				A756D0C31A24D4A200A7F374 /* Item.m */,
			);
			name = Model;
			sourceTree = "<group>";
		};
		617450F31A4443E90018D6AA /* Frameworks */ = {
			isa = PBXGroup;
			children = (
				61EB9CF01A4AF4E400D2BBAF /* MapKit.framework */,
			);
			name = Frameworks;
			path = ENote;
			sourceTree = "<group>";
		};
		617450F41A4448B60018D6AA /* MapKitVC */ = {
			isa = PBXGroup;
			children = (
				617450F51A4448DD0018D6AA /* MapPinViewController.h */,
				617450F61A4448DD0018D6AA /* MapPinViewController.m */,
				617450F71A4448DD0018D6AA /* MapPinViewController.xib */,
				617450F81A4448DD0018D6AA /* MyPin.h */,
				617450F91A4448DD0018D6AA /* MyPin.m */,
			);
			name = MapKitVC;
			sourceTree = "<group>";
		};
		6190C2291A124DEC0046F016 /* View */ = {
			isa = PBXGroup;
			children = (
				A70B58871A44324800BD434B /* AllNotesTVC */,
				755594DC1A3DAE2800B30234 /* MMDrawerController */,
				619957D71A39B18800AFFDE2 /* RearViewController */,
				A7D73BD01A3850C7009A21FA /* AllTagsCVC */,
				A71D34FE1A1B733A00EA301B /* NotebooksTableView */,
				61FD75151A25EC41004C344D /* NotesCollectionVC */,
				A71D35031A1B7B1A00EA301B /* NotesDetailVC */,
				617450F41A4448B60018D6AA /* MapKitVC */,
			);
			name = View;
			sourceTree = "<group>";
		};
		619957D71A39B18800AFFDE2 /* RearViewController */ = {
			isa = PBXGroup;
			children = (
				755594EF1A3DB03700B30234 /* RearViewController.h */,
				755594F01A3DB03700B30234 /* RearViewController.m */,
				755594F11A3DB03700B30234 /* RearViewController.xib */,
			);
			name = RearViewController;
			sourceTree = "<group>";
		};
		61EB9CFF1A4AFC2900D2BBAF /* MJPopup */ = {
			isa = PBXGroup;
			children = (
				61EB9CF91A4AFC2500D2BBAF /* MJPopupBackgroundView.h */,
				61EB9CFA1A4AFC2500D2BBAF /* MJPopupBackgroundView.m */,
				61EB9CFB1A4AFC2500D2BBAF /* UIViewController+MJPopupViewController.h */,
				61EB9CFC1A4AFC2500D2BBAF /* UIViewController+MJPopupViewController.m */,
			);
			name = MJPopup;
			sourceTree = "<group>";
		};
		61FD75151A25EC41004C344D /* NotesCollectionVC */ = {
			isa = PBXGroup;
			children = (
				6190C2241A124CE70046F016 /* NotesCollectionViewController.h */,
				6190C2251A124CE70046F016 /* NotesCollectionViewController.m */,
				6190C2261A124CE70046F016 /* NotesCollectionViewController.xib */,
				75CD431C1A3E254C002141ED /* NoteCell */,
			);
			name = NotesCollectionVC;
			sourceTree = "<group>";
		};
		755594DC1A3DAE2800B30234 /* MMDrawerController */ = {
			isa = PBXGroup;
			children = (
				755594DD1A3DAE2800B30234 /* MMDrawerBarButtonItem.h */,
				755594DE1A3DAE2800B30234 /* MMDrawerBarButtonItem.m */,
				755594DF1A3DAE2800B30234 /* MMDrawerController+Subclass.h */,
				755594E01A3DAE2800B30234 /* MMDrawerController.h */,
				755594E11A3DAE2800B30234 /* MMDrawerController.m */,
				755594E21A3DAE2800B30234 /* MMDrawerVisualState.h */,
				755594E31A3DAE2800B30234 /* MMDrawerVisualState.m */,
				755594E41A3DAE2800B30234 /* UIViewController+MMDrawerController.h */,
				755594E51A3DAE2800B30234 /* UIViewController+MMDrawerController.m */,
			);
			path = MMDrawerController;
			sourceTree = "<group>";
		};
		75CD431C1A3E254C002141ED /* NoteCell */ = {
			isa = PBXGroup;
			children = (
				6190C22F1A1254920046F016 /* NoteCell.m */,
				6190C22E1A1254920046F016 /* NoteCell.h */,
				6100EA141A31C53800AA6A4B /* NoteCell.xib */,
				75CD431D1A3E259D002141ED /* NotesAddCell.xib */,
				75CD431F1A3E2CB8002141ED /* NotesAddCell.h */,
				75CD43201A3E2CB8002141ED /* NotesAddCell.m */,
				617450C61A442ECF0018D6AA /* NoteCellGrid.h */,
				617450C71A442ECF0018D6AA /* NoteCellGrid.m */,
				617450C81A442ECF0018D6AA /* NoteCellLarge.h */,
				617450C91A442ECF0018D6AA /* NoteCellLarge.m */,
				A78A19021A5C062800BD627A /* NoteLargeCell.h */,
				A78A19031A5C062800BD627A /* NoteLargeCell.m */,
				A78A19041A5C062800BD627A /* NoteLargeCell.xib */,
			);
			name = NoteCell;
			sourceTree = "<group>";
		};
		A70B58811A440DBD00BD434B /* AddTagsViewController */ = {
			isa = PBXGroup;
			children = (
				A70B587C1A440DB700BD434B /* AddTagsViewController.h */,
				A70B587D1A440DB700BD434B /* AddTagsViewController.m */,
				61EB9D001A4AFCF900D2BBAF /* AddTagsViewController.xib */,
			);
			name = AddTagsViewController;
			sourceTree = "<group>";
		};
		A70B58871A44324800BD434B /* AllNotesTVC */ = {
			isa = PBXGroup;
			children = (
				A70B588D1A44326D00BD434B /* AllNotesTVCell */,
				A70B58881A44326700BD434B /* AllNotesTVC.h */,
				A70B58891A44326700BD434B /* AllNotesTVC.m */,
				A70B588A1A44326700BD434B /* AllNotesTVC.xib */,
			);
			name = AllNotesTVC;
			sourceTree = "<group>";
		};
		A70B588D1A44326D00BD434B /* AllNotesTVCell */ = {
			isa = PBXGroup;
			children = (
				A70B588E1A4432C600BD434B /* AllNotesTVCell.h */,
				A70B588F1A4432C600BD434B /* AllNotesTVCell.m */,
				A70B58901A4432C600BD434B /* AllNotesTVCell.xib */,
			);
			name = AllNotesTVCell;
			sourceTree = "<group>";
		};
		A71048331A30A4630005470B /* TagCollectionViewCell */ = {
			isa = PBXGroup;
			children = (
				A70355241A319FC5008742C9 /* TagCollectionViewCell.h */,
				A70355251A319FC5008742C9 /* TagCollectionViewCell.m */,
				A70355261A319FC5008742C9 /* TagCollectionViewCell.xib */,
			);
			name = TagCollectionViewCell;
			sourceTree = "<group>";
		};
		A71D34FE1A1B733A00EA301B /* NotebooksTableView */ = {
			isa = PBXGroup;
			children = (
				A71D04111A1112DB00308DD0 /* NotebooksTableViewController.h */,
				A71D04121A1112DB00308DD0 /* NotebooksTableViewController.m */,
				A7D9ACC31A1357A900B8376A /* NotebooksTableViewController.xib */,
				A7D9ACCB1A13754400B8376A /* NotebooksTableViewDataSource.h */,
				A7D9ACCC1A13754400B8376A /* NotebooksTableViewDataSource.m */,
				A71D34FF1A1B734C00EA301B /* NotebooksTableViewCell */,
			);
			name = NotebooksTableView;
			sourceTree = "<group>";
		};
		A71D34FF1A1B734C00EA301B /* NotebooksTableViewCell */ = {
			isa = PBXGroup;
			children = (
				A7D9ACBC1A12511700B8376A /* NotebooksTableViewCell.h */,
				A7D9ACBD1A12511700B8376A /* NotebooksTableViewCell.m */,
				A7D9ACBE1A12511700B8376A /* NotebooksTableViewCell.xib */,
			);
			name = NotebooksTableViewCell;
			sourceTree = "<group>";
		};
		A71D35031A1B7B1A00EA301B /* NotesDetailVC */ = {
			isa = PBXGroup;
			children = (
				A7AE42DE1A484FBD00356C84 /* NoteImagesCollectionViewController */,
				A78A190C1A5C1A0A00BD627A /* NoteTagsCollectionViewController */,
				6150D09E1A14C03300E4590C /* NotesDetailViewController.h */,
				6150D09F1A14C03300E4590C /* NotesDetailViewController.m */,
				6150D0A01A14C03300E4590C /* NotesDetailViewController.xib */,
			);
			name = NotesDetailVC;
			sourceTree = "<group>";
		};
		A72182F21A10E950006E47E3 = {
			isa = PBXGroup;
			children = (
				A72182FD1A10E950006E47E3 /* ENote */,
				A72183171A10E950006E47E3 /* ENoteTests */,
				A72182FC1A10E950006E47E3 /* Products */,
				617450F31A4443E90018D6AA /* Frameworks */,
			);
			sourceTree = "<group>";
		};
		A72182FC1A10E950006E47E3 /* Products */ = {
			isa = PBXGroup;
			children = (
				A72182FB1A10E950006E47E3 /* ENote.app */,
				A72183141A10E950006E47E3 /* ENoteTests.xctest */,
			);
			name = Products;
			sourceTree = "<group>";
		};
		A72182FD1A10E950006E47E3 /* ENote */ = {
			isa = PBXGroup;
			children = (
				A72E4FB31A5AA88C002B653A /* ENote.entitlements */,
				61EB9CFF1A4AFC2900D2BBAF /* MJPopup */,
				A7AEEB5C1A28BC600091FE09 /* Stores */,
				6155EC471A137C3600BE143B /* Model */,
				6190C2291A124DEC0046F016 /* View */,
				A721830B1A10E950006E47E3 /* Images.xcassets */,
				A72182FE1A10E950006E47E3 /* Supporting Files */,
			);
			path = ENote;
			sourceTree = "<group>";
		};
		A72182FE1A10E950006E47E3 /* Supporting Files */ = {
			isa = PBXGroup;
			children = (
				A72183021A10E950006E47E3 /* AppDelegate.h */,
				A72183031A10E950006E47E3 /* AppDelegate.m */,
				A705D6721A3ED6C900B06FB6 /* UIViewController+HandleShake.h */,
				A705D6731A3ED6C900B06FB6 /* UIViewController+HandleShake.m */,
				A74FE0B61A1B86BA0005F74D /* ENoteCommons.h */,
				A74FE0B71A1B86BA0005F74D /* ENoteCommons.m */,
				A721830D1A10E950006E47E3 /* LaunchScreen.xib */,
				A72182FF1A10E950006E47E3 /* Info.plist */,
				A72183001A10E950006E47E3 /* main.m */,
				A705D6701A3ED25300B06FB6 /* aplause.wav */,
				A706507E1A6903310022A6F3 /* NSDate+IfDay.h */,
				A706507F1A6903310022A6F3 /* NSDate+IfDay.m */,
			);
			name = "Supporting Files";
			sourceTree = "<group>";
		};
		A72183171A10E950006E47E3 /* ENoteTests */ = {
			isa = PBXGroup;
			children = (
				A721831A1A10E950006E47E3 /* ENoteTests.m */,
				A72183181A10E950006E47E3 /* Supporting Files */,
			);
			path = ENoteTests;
			sourceTree = "<group>";
		};
		A72183181A10E950006E47E3 /* Supporting Files */ = {
			isa = PBXGroup;
			children = (
				A72183191A10E950006E47E3 /* Info.plist */,
			);
			name = "Supporting Files";
			sourceTree = "<group>";
		};
		A74C00F01A4AD54F00216ADB /* NoteImagePreviewController */ = {
			isa = PBXGroup;
			children = (
				A74C00EB1A4AD54300216ADB /* NoteImagePreviewController.h */,
				A74C00EC1A4AD54300216ADB /* NoteImagePreviewController.m */,
				A74C00ED1A4AD54300216ADB /* NoteImagePreviewController.xib */,
			);
			name = NoteImagePreviewController;
			sourceTree = "<group>";
		};
		A78A190C1A5C1A0A00BD627A /* NoteTagsCollectionViewController */ = {
			isa = PBXGroup;
			children = (
				A78A190D1A5C20AB00BD627A /* AddTagCollectionViewCell */,
				A70B58811A440DBD00BD434B /* AddTagsViewController */,
				A71048331A30A4630005470B /* TagCollectionViewCell */,
				A78A19071A5C1A0100BD627A /* NoteTagsCollectionViewController.h */,
				A78A19081A5C1A0100BD627A /* NoteTagsCollectionViewController.m */,
				A78A19091A5C1A0100BD627A /* NoteTagsCollectionViewController.xib */,
			);
			name = NoteTagsCollectionViewController;
			sourceTree = "<group>";
		};
		A78A190D1A5C20AB00BD627A /* AddTagCollectionViewCell */ = {
			isa = PBXGroup;
			children = (
				A705D6781A3EED8900B06FB6 /* AddTagCollectionViewCell.h */,
				A705D6791A3EED8900B06FB6 /* AddTagCollectionViewCell.m */,
				A705D67A1A3EED8900B06FB6 /* AddTagCollectionViewCell.xib */,
			);
			name = AddTagCollectionViewCell;
			sourceTree = "<group>";
		};
		A7AE42DE1A484FBD00356C84 /* NoteImagesCollectionViewController */ = {
			isa = PBXGroup;
			children = (
				A74C00F01A4AD54F00216ADB /* NoteImagePreviewController */,
				A7AE42EA1A4858BC00356C84 /* AddNoteImageCollectionViewCell */,
				A7AE42E41A48551C00356C84 /* NoteImagesCollectionViewCell */,
				A7AE42D91A484FB300356C84 /* NoteImagesCollectionViewController.h */,
				A7AE42DA1A484FB300356C84 /* NoteImagesCollectionViewController.m */,
				A7AE42DB1A484FB300356C84 /* NoteImagesCollectionViewController.xib */,
			);
			name = NoteImagesCollectionViewController;
			sourceTree = "<group>";
		};
		A7AE42E41A48551C00356C84 /* NoteImagesCollectionViewCell */ = {
			isa = PBXGroup;
			children = (
				A7AE42DF1A48551500356C84 /* NoteImagesCollectionViewCell.h */,
				A7AE42E01A48551500356C84 /* NoteImagesCollectionViewCell.m */,
				A7AE42E11A48551500356C84 /* NoteImagesCollectionViewCell.xib */,
			);
			name = NoteImagesCollectionViewCell;
			sourceTree = "<group>";
		};
		A7AE42EA1A4858BC00356C84 /* AddNoteImageCollectionViewCell */ = {
			isa = PBXGroup;
			children = (
				A7AE42E51A4858B300356C84 /* AddNoteImageCollectionViewCell.h */,
				A7AE42E61A4858B300356C84 /* AddNoteImageCollectionViewCell.m */,
				A7AE42E71A4858B300356C84 /* AddNoteImageCollectionViewCell.xib */,
			);
			name = AddNoteImageCollectionViewCell;
			sourceTree = "<group>";
		};
		A7AEEB5C1A28BC600091FE09 /* Stores */ = {
			isa = PBXGroup;
			children = (
				A71D35001A1B744100EA301B /* NotesStore.h */,
				A71D35011A1B744100EA301B /* NotesStore.m */,
				A7D9ACB41A12486300B8376A /* NotebooksStore.h */,
				A7D9ACB51A12486300B8376A /* NotebooksStore.m */,
				A7AEEB661A28CEBF0091FE09 /* TagsStore.h */,
				A7AEEB671A28CEBF0091FE09 /* TagsStore.m */,
				A720977A1A497E4F00086670 /* ImagesStore.h */,
				A720977B1A497E4F00086670 /* ImagesStore.m */,
			);
			name = Stores;
			sourceTree = "<group>";
		};
		A7D73BD01A3850C7009A21FA /* AllTagsCVC */ = {
			isa = PBXGroup;
			children = (
				A70A338F1A4045C500E81632 /* TagsSectionHeadersCollectionReusableView.h */,
				A70A33901A4045C500E81632 /* TagsSectionHeadersCollectionReusableView.m */,
				A70A33911A4045C500E81632 /* TagsSectionHeadersCollectionReusableView.xib */,
				A7D73BD61A3855CD009A21FA /* UICollectionViewLeftAlignedLayout */,
				A7D73BD11A3850E0009A21FA /* AllTagsCollectionViewController.h */,
				A7D73BD21A3850E0009A21FA /* AllTagsCollectionViewController.m */,
				A7D73BD31A3850E0009A21FA /* AllTagsCollectionViewController.xib */,
			);
			name = AllTagsCVC;
			sourceTree = "<group>";
		};
		A7D73BD61A3855CD009A21FA /* UICollectionViewLeftAlignedLayout */ = {
			isa = PBXGroup;
			children = (
				A7D73BD71A3855F3009A21FA /* UICollectionViewLeftAlignedLayout.h */,
				A7D73BD81A3855F3009A21FA /* UICollectionViewLeftAlignedLayout.m */,
			);
			name = UICollectionViewLeftAlignedLayout;
			sourceTree = "<group>";
		};
/* End PBXGroup section */

/* Begin PBXNativeTarget section */
		A72182FA1A10E950006E47E3 /* ENote */ = {
			isa = PBXNativeTarget;
			buildConfigurationList = A721831E1A10E950006E47E3 /* Build configuration list for PBXNativeTarget "ENote" */;
			buildPhases = (
				A72182F71A10E950006E47E3 /* Sources */,
				A72182F81A10E950006E47E3 /* Frameworks */,
				A72182F91A10E950006E47E3 /* Resources */,
			);
			buildRules = (
			);
			dependencies = (
			);
			name = ENote;
			productName = ENote;
			productReference = A72182FB1A10E950006E47E3 /* ENote.app */;
			productType = "com.apple.product-type.application";
		};
		A72183131A10E950006E47E3 /* ENoteTests */ = {
			isa = PBXNativeTarget;
			buildConfigurationList = A72183211A10E950006E47E3 /* Build configuration list for PBXNativeTarget "ENoteTests" */;
			buildPhases = (
				A72183101A10E950006E47E3 /* Sources */,
				A72183111A10E950006E47E3 /* Frameworks */,
				A72183121A10E950006E47E3 /* Resources */,
			);
			buildRules = (
			);
			dependencies = (
				A72183161A10E950006E47E3 /* PBXTargetDependency */,
			);
			name = ENoteTests;
			productName = ENoteTests;
			productReference = A72183141A10E950006E47E3 /* ENoteTests.xctest */;
			productType = "com.apple.product-type.bundle.unit-test";
		};
/* End PBXNativeTarget section */

/* Begin PBXProject section */
		A72182F31A10E950006E47E3 /* Project object */ = {
			isa = PBXProject;
			attributes = {
				LastUpgradeCheck = 0600;
				ORGANIZATIONNAME = Endava;
				TargetAttributes = {
					A72182FA1A10E950006E47E3 = {
						CreatedOnToolsVersion = 6.0.1;
						DevelopmentTeam = W3FZKU8HEQ;
						SystemCapabilities = {
							com.apple.BackgroundModes = {
								enabled = 1;
							};
							com.apple.iCloud = {
								enabled = 0;
							};
						};
					};
					A72183131A10E950006E47E3 = {
						CreatedOnToolsVersion = 6.0.1;
						TestTargetID = A72182FA1A10E950006E47E3;
					};
				};
			};
			buildConfigurationList = A72182F61A10E950006E47E3 /* Build configuration list for PBXProject "ENote" */;
			compatibilityVersion = "Xcode 3.2";
			developmentRegion = English;
			hasScannedForEncodings = 0;
			knownRegions = (
				en,
				Base,
			);
			mainGroup = A72182F21A10E950006E47E3;
			productRefGroup = A72182FC1A10E950006E47E3 /* Products */;
			projectDirPath = "";
			projectRoot = "";
			targets = (
				A72182FA1A10E950006E47E3 /* ENote */,
				A72183131A10E950006E47E3 /* ENoteTests */,
			);
		};
/* End PBXProject section */

/* Begin PBXResourcesBuildPhase section */
		A72182F91A10E950006E47E3 /* Resources */ = {
			isa = PBXResourcesBuildPhase;
			buildActionMask = 2147483647;
			files = (
				A70B58921A4432C600BD434B /* AllNotesTVCell.xib in Resources */,
				A7AE42E91A4858B300356C84 /* AddNoteImageCollectionViewCell.xib in Resources */,
				6100EA151A31C53800AA6A4B /* NoteCell.xib in Resources */,
				A7D73BD51A3850E0009A21FA /* AllTagsCollectionViewController.xib in Resources */,
				755594F31A3DB03700B30234 /* RearViewController.xib in Resources */,
				A7AE42DD1A484FB300356C84 /* NoteImagesCollectionViewController.xib in Resources */,
				A70A33931A4045C500E81632 /* TagsSectionHeadersCollectionReusableView.xib in Resources */,
				A7D9ACC41A1357A900B8376A /* NotebooksTableViewController.xib in Resources */,
				75CD431E1A3E259D002141ED /* NotesAddCell.xib in Resources */,
				A70355281A319FC5008742C9 /* TagCollectionViewCell.xib in Resources */,
				A721830F1A10E950006E47E3 /* LaunchScreen.xib in Resources */,
				61EB9D011A4AFCF900D2BBAF /* AddTagsViewController.xib in Resources */,
				6190C2281A124CE70046F016 /* NotesCollectionViewController.xib in Resources */,
				617450FB1A4448DD0018D6AA /* MapPinViewController.xib in Resources */,
				A705D67C1A3EED8900B06FB6 /* AddTagCollectionViewCell.xib in Resources */,
				A7D9ACC01A12511700B8376A /* NotebooksTableViewCell.xib in Resources */,
				A721830C1A10E950006E47E3 /* Images.xcassets in Resources */,
				A74C00EF1A4AD54300216ADB /* NoteImagePreviewController.xib in Resources */,
				A705D6711A3ED25300B06FB6 /* aplause.wav in Resources */,
				A78A19061A5C062800BD627A /* NoteLargeCell.xib in Resources */,
				A7AE42E31A48551500356C84 /* NoteImagesCollectionViewCell.xib in Resources */,
				A78A190B1A5C1A0100BD627A /* NoteTagsCollectionViewController.xib in Resources */,
				6150D0A21A14C03300E4590C /* NotesDetailViewController.xib in Resources */,
				A70B588C1A44326700BD434B /* AllNotesTVC.xib in Resources */,
			);
			runOnlyForDeploymentPostprocessing = 0;
		};
		A72183121A10E950006E47E3 /* Resources */ = {
			isa = PBXResourcesBuildPhase;
			buildActionMask = 2147483647;
			files = (
			);
			runOnlyForDeploymentPostprocessing = 0;
		};
/* End PBXResourcesBuildPhase section */

/* Begin PBXSourcesBuildPhase section */
		A72182F71A10E950006E47E3 /* Sources */ = {
			isa = PBXSourcesBuildPhase;
			buildActionMask = 2147483647;
			files = (
				A7AE42E81A4858B300356C84 /* AddNoteImageCollectionViewCell.m in Sources */,
				A74FE0B81A1B86BA0005F74D /* ENoteCommons.m in Sources */,
				75CD43211A3E2CB8002141ED /* NotesAddCell.m in Sources */,
				6155EC4D1A137C3E00BE143B /* Note.m in Sources */,
				617450CA1A442ECF0018D6AA /* NoteCellGrid.m in Sources */,
				A71D04131A1112DB00308DD0 /* NotebooksTableViewController.m in Sources */,
				755594E61A3DAE2800B30234 /* MMDrawerBarButtonItem.m in Sources */,
				755594F21A3DB03700B30234 /* RearViewController.m in Sources */,
				755594E71A3DAE2800B30234 /* MMDrawerController.m in Sources */,
				A70B587F1A440DB700BD434B /* AddTagsViewController.m in Sources */,
				6190C2301A1254920046F016 /* NoteCell.m in Sources */,
				A705D6741A3ED6C900B06FB6 /* UIViewController+HandleShake.m in Sources */,
				A70650801A6903310022A6F3 /* NSDate+IfDay.m in Sources */,
				A7AE42DC1A484FB300356C84 /* NoteImagesCollectionViewController.m in Sources */,
				617450FA1A4448DD0018D6AA /* MapPinViewController.m in Sources */,
				617450CB1A442ECF0018D6AA /* NoteCellLarge.m in Sources */,
				A7D73BD91A3855F3009A21FA /* UICollectionViewLeftAlignedLayout.m in Sources */,
				617450FC1A4448DD0018D6AA /* MyPin.m in Sources */,
				A7D73BD41A3850E0009A21FA /* AllTagsCollectionViewController.m in Sources */,
				A72183041A10E950006E47E3 /* AppDelegate.m in Sources */,
				61EB9CFD1A4AFC2500D2BBAF /* MJPopupBackgroundView.m in Sources */,
				6190C2271A124CE70046F016 /* NotesCollectionViewController.m in Sources */,
				755594E81A3DAE2800B30234 /* MMDrawerVisualState.m in Sources */,
				755594E91A3DAE2800B30234 /* UIViewController+MMDrawerController.m in Sources */,
				A7AEEB681A28CEBF0091FE09 /* TagsStore.m in Sources */,
				A705D67B1A3EED8900B06FB6 /* AddTagCollectionViewCell.m in Sources */,
				A7AEEB621A28C4460091FE09 /* Tag.m in Sources */,
				A7D9ACCD1A13754400B8376A /* NotebooksTableViewDataSource.m in Sources */,
				A7D9ACB31A1246D600B8376A /* Notebook.m in Sources */,
				A78A190A1A5C1A0100BD627A /* NoteTagsCollectionViewController.m in Sources */,
				A70B588B1A44326700BD434B /* AllNotesTVC.m in Sources */,
				A70B58911A4432C600BD434B /* AllNotesTVCell.m in Sources */,
				A72183011A10E950006E47E3 /* main.m in Sources */,
				6150D0A11A14C03300E4590C /* NotesDetailViewController.m in Sources */,
				A70355271A319FC5008742C9 /* TagCollectionViewCell.m in Sources */,
				A7AE42E21A48551500356C84 /* NoteImagesCollectionViewCell.m in Sources */,
				A78A19051A5C062800BD627A /* NoteLargeCell.m in Sources */,
				A74C00EE1A4AD54300216ADB /* NoteImagePreviewController.m in Sources */,
				61EB9CFE1A4AFC2500D2BBAF /* UIViewController+MJPopupViewController.m in Sources */,
				A756D0C41A24D4A200A7F374 /* Item.m in Sources */,
				A720977C1A497E4F00086670 /* ImagesStore.m in Sources */,
				A7D9ACBF1A12511700B8376A /* NotebooksTableViewCell.m in Sources */,
				A71D35021A1B744100EA301B /* NotesStore.m in Sources */,
				A7D9ACB61A12486300B8376A /* NotebooksStore.m in Sources */,
				A70A33921A4045C500E81632 /* TagsSectionHeadersCollectionReusableView.m in Sources */,
			);
			runOnlyForDeploymentPostprocessing = 0;
		};
		A72183101A10E950006E47E3 /* Sources */ = {
			isa = PBXSourcesBuildPhase;
			buildActionMask = 2147483647;
			files = (
				A721831B1A10E950006E47E3 /* ENoteTests.m in Sources */,
			);
			runOnlyForDeploymentPostprocessing = 0;
		};
/* End PBXSourcesBuildPhase section */

/* Begin PBXTargetDependency section */
		A72183161A10E950006E47E3 /* PBXTargetDependency */ = {
			isa = PBXTargetDependency;
			target = A72182FA1A10E950006E47E3 /* ENote */;
			targetProxy = A72183151A10E950006E47E3 /* PBXContainerItemProxy */;
		};
/* End PBXTargetDependency section */

/* Begin PBXVariantGroup section */
		A721830D1A10E950006E47E3 /* LaunchScreen.xib */ = {
			isa = PBXVariantGroup;
			children = (
				A721830E1A10E950006E47E3 /* Base */,
			);
			name = LaunchScreen.xib;
			sourceTree = "<group>";
		};
/* End PBXVariantGroup section */

/* Begin XCBuildConfiguration section */
		A721831C1A10E950006E47E3 /* Debug */ = {
			isa = XCBuildConfiguration;
			buildSettings = {
				ALWAYS_SEARCH_USER_PATHS = NO;
				CLANG_CXX_LANGUAGE_STANDARD = "gnu++0x";
				CLANG_CXX_LIBRARY = "libc++";
				CLANG_ENABLE_MODULES = YES;
				CLANG_ENABLE_OBJC_ARC = YES;
				CLANG_WARN_BOOL_CONVERSION = YES;
				CLANG_WARN_CONSTANT_CONVERSION = YES;
				CLANG_WARN_DIRECT_OBJC_ISA_USAGE = YES_ERROR;
				CLANG_WARN_EMPTY_BODY = YES;
				CLANG_WARN_ENUM_CONVERSION = YES;
				CLANG_WARN_INT_CONVERSION = YES;
				CLANG_WARN_OBJC_ROOT_CLASS = YES_ERROR;
				CLANG_WARN_UNREACHABLE_CODE = YES;
				CLANG_WARN__DUPLICATE_METHOD_MATCH = YES;
				"CODE_SIGN_IDENTITY[sdk=iphoneos*]" = "iPhone Developer";
				COPY_PHASE_STRIP = NO;
				ENABLE_STRICT_OBJC_MSGSEND = YES;
				GCC_C_LANGUAGE_STANDARD = gnu99;
				GCC_DYNAMIC_NO_PIC = NO;
				GCC_OPTIMIZATION_LEVEL = 0;
				GCC_PREPROCESSOR_DEFINITIONS = (
					"DEBUG=1",
					"$(inherited)",
				);
				GCC_SYMBOLS_PRIVATE_EXTERN = NO;
				GCC_WARN_64_TO_32_BIT_CONVERSION = YES;
				GCC_WARN_ABOUT_RETURN_TYPE = YES_ERROR;
				GCC_WARN_UNDECLARED_SELECTOR = YES;
				GCC_WARN_UNINITIALIZED_AUTOS = YES_AGGRESSIVE;
				GCC_WARN_UNUSED_FUNCTION = YES;
				GCC_WARN_UNUSED_VARIABLE = YES;
				IPHONEOS_DEPLOYMENT_TARGET = 8.1;
				MTL_ENABLE_DEBUG_INFO = YES;
				ONLY_ACTIVE_ARCH = YES;
				SDKROOT = iphoneos;
				TARGETED_DEVICE_FAMILY = "1,2";
			};
			name = Debug;
		};
		A721831D1A10E950006E47E3 /* Release */ = {
			isa = XCBuildConfiguration;
			buildSettings = {
				ALWAYS_SEARCH_USER_PATHS = NO;
				CLANG_CXX_LANGUAGE_STANDARD = "gnu++0x";
				CLANG_CXX_LIBRARY = "libc++";
				CLANG_ENABLE_MODULES = YES;
				CLANG_ENABLE_OBJC_ARC = YES;
				CLANG_WARN_BOOL_CONVERSION = YES;
				CLANG_WARN_CONSTANT_CONVERSION = YES;
				CLANG_WARN_DIRECT_OBJC_ISA_USAGE = YES_ERROR;
				CLANG_WARN_EMPTY_BODY = YES;
				CLANG_WARN_ENUM_CONVERSION = YES;
				CLANG_WARN_INT_CONVERSION = YES;
				CLANG_WARN_OBJC_ROOT_CLASS = YES_ERROR;
				CLANG_WARN_UNREACHABLE_CODE = YES;
				CLANG_WARN__DUPLICATE_METHOD_MATCH = YES;
				"CODE_SIGN_IDENTITY[sdk=iphoneos*]" = "iPhone Developer";
				COPY_PHASE_STRIP = YES;
				ENABLE_NS_ASSERTIONS = NO;
				ENABLE_STRICT_OBJC_MSGSEND = YES;
				GCC_C_LANGUAGE_STANDARD = gnu99;
				GCC_WARN_64_TO_32_BIT_CONVERSION = YES;
				GCC_WARN_ABOUT_RETURN_TYPE = YES_ERROR;
				GCC_WARN_UNDECLARED_SELECTOR = YES;
				GCC_WARN_UNINITIALIZED_AUTOS = YES_AGGRESSIVE;
				GCC_WARN_UNUSED_FUNCTION = YES;
				GCC_WARN_UNUSED_VARIABLE = YES;
				IPHONEOS_DEPLOYMENT_TARGET = 8.1;
				MTL_ENABLE_DEBUG_INFO = NO;
				SDKROOT = iphoneos;
				TARGETED_DEVICE_FAMILY = "1,2";
				VALIDATE_PRODUCT = YES;
			};
			name = Release;
		};
		A721831F1A10E950006E47E3 /* Debug */ = {
			isa = XCBuildConfiguration;
			buildSettings = {
				ASSETCATALOG_COMPILER_APPICON_NAME = AppIcon;
				ASSETCATALOG_COMPILER_LAUNCHIMAGE_NAME = LaunchImage;
				CODE_SIGN_IDENTITY = "iPhone Developer";
				"CODE_SIGN_IDENTITY[sdk=iphoneos*]" = "iPhone Developer";
				FRAMEWORK_SEARCH_PATHS = (
					"$(inherited)",
					"$(PROJECT_DIR)",
					"$(PROJECT_DIR)/ENote",
				);
				INFOPLIST_FILE = ENote/Info.plist;
				IPHONEOS_DEPLOYMENT_TARGET = 8.1;
				LD_RUNPATH_SEARCH_PATHS = "$(inherited) @executable_path/Frameworks";
				OTHER_LDFLAGS = "-ObjC";
				PRODUCT_NAME = "$(TARGET_NAME)";
				PROVISIONING_PROFILE = "";
			};
			name = Debug;
		};
		A72183201A10E950006E47E3 /* Release */ = {
			isa = XCBuildConfiguration;
			buildSettings = {
				ASSETCATALOG_COMPILER_APPICON_NAME = AppIcon;
				ASSETCATALOG_COMPILER_LAUNCHIMAGE_NAME = LaunchImage;
				CODE_SIGN_IDENTITY = "iPhone Developer";
				"CODE_SIGN_IDENTITY[sdk=iphoneos*]" = "iPhone Developer";
				FRAMEWORK_SEARCH_PATHS = (
					"$(inherited)",
					"$(PROJECT_DIR)",
					"$(PROJECT_DIR)/ENote",
				);
				INFOPLIST_FILE = ENote/Info.plist;
				IPHONEOS_DEPLOYMENT_TARGET = 8.1;
				LD_RUNPATH_SEARCH_PATHS = "$(inherited) @executable_path/Frameworks";
				OTHER_LDFLAGS = "-ObjC";
				PRODUCT_NAME = "$(TARGET_NAME)";
				PROVISIONING_PROFILE = "";
			};
			name = Release;
		};
		A72183221A10E950006E47E3 /* Debug */ = {
			isa = XCBuildConfiguration;
			buildSettings = {
				BUNDLE_LOADER = "$(TEST_HOST)";
				FRAMEWORK_SEARCH_PATHS = (
					"$(SDKROOT)/Developer/Library/Frameworks",
					"$(inherited)",
				);
				GCC_PREPROCESSOR_DEFINITIONS = (
					"DEBUG=1",
					"$(inherited)",
				);
				INFOPLIST_FILE = ENoteTests/Info.plist;
				LD_RUNPATH_SEARCH_PATHS = "$(inherited) @executable_path/Frameworks @loader_path/Frameworks";
				PRODUCT_NAME = "$(TARGET_NAME)";
				TEST_HOST = "$(BUILT_PRODUCTS_DIR)/ENote.app/ENote";
			};
			name = Debug;
		};
		A72183231A10E950006E47E3 /* Release */ = {
			isa = XCBuildConfiguration;
			buildSettings = {
				BUNDLE_LOADER = "$(TEST_HOST)";
				FRAMEWORK_SEARCH_PATHS = (
					"$(SDKROOT)/Developer/Library/Frameworks",
					"$(inherited)",
				);
				INFOPLIST_FILE = ENoteTests/Info.plist;
				LD_RUNPATH_SEARCH_PATHS = "$(inherited) @executable_path/Frameworks @loader_path/Frameworks";
				PRODUCT_NAME = "$(TARGET_NAME)";
				TEST_HOST = "$(BUILT_PRODUCTS_DIR)/ENote.app/ENote";
			};
			name = Release;
		};
/* End XCBuildConfiguration section */

/* Begin XCConfigurationList section */
		A72182F61A10E950006E47E3 /* Build configuration list for PBXProject "ENote" */ = {
			isa = XCConfigurationList;
			buildConfigurations = (
				A721831C1A10E950006E47E3 /* Debug */,
				A721831D1A10E950006E47E3 /* Release */,
			);
			defaultConfigurationIsVisible = 0;
			defaultConfigurationName = Release;
		};
		A721831E1A10E950006E47E3 /* Build configuration list for PBXNativeTarget "ENote" */ = {
			isa = XCConfigurationList;
			buildConfigurations = (
				A721831F1A10E950006E47E3 /* Debug */,
				A72183201A10E950006E47E3 /* Release */,
			);
			defaultConfigurationIsVisible = 0;
			defaultConfigurationName = Release;
		};
		A72183211A10E950006E47E3 /* Build configuration list for PBXNativeTarget "ENoteTests" */ = {
			isa = XCConfigurationList;
			buildConfigurations = (
				A72183221A10E950006E47E3 /* Debug */,
				A72183231A10E950006E47E3 /* Release */,
			);
			defaultConfigurationIsVisible = 0;
			defaultConfigurationName = Release;
		};
/* End XCConfigurationList section */
	};
	rootObject = A72182F31A10E950006E47E3 /* Project object */;
}
