// !$*UTF8*$!
{
	archiveVersion = 1;
	classes = {
	};
	objectVersion = 46;
	objects = {

/* Begin PBXBuildFile section */
		75270C551A00BF0700458763 /* main.m in Sources */ = {isa = PBXBuildFile; fileRef = 75270C541A00BF0700458763 /* main.m */; };
		75270C581A00BF0700458763 /* AppDelegate.m in Sources */ = {isa = PBXBuildFile; fileRef = 75270C571A00BF0700458763 /* AppDelegate.m */; };
		75270C601A00BF0700458763 /* Images.xcassets in Resources */ = {isa = PBXBuildFile; fileRef = 75270C5F1A00BF0700458763 /* Images.xcassets */; };
		75270C631A00BF0700458763 /* LaunchScreen.xib in Resources */ = {isa = PBXBuildFile; fileRef = 75270C611A00BF0700458763 /* LaunchScreen.xib */; };
		75270C6F1A00BF0700458763 /* BNRNerdFeedTests.m in Sources */ = {isa = PBXBuildFile; fileRef = 75270C6E1A00BF0700458763 /* BNRNerdFeedTests.m */; };
		75270C7A1A00BFF300458763 /* BNRCoursesViewController.m in Sources */ = {isa = PBXBuildFile; fileRef = 75270C791A00BFF300458763 /* BNRCoursesViewController.m */; };
		75270C831A00CCA100458763 /* BNRWebViewController.m in Sources */ = {isa = PBXBuildFile; fileRef = 75270C821A00CCA100458763 /* BNRWebViewController.m */; };
/* End PBXBuildFile section */

/* Begin PBXContainerItemProxy section */
		75270C691A00BF0700458763 /* PBXContainerItemProxy */ = {
			isa = PBXContainerItemProxy;
			containerPortal = 75270C471A00BF0700458763 /* Project object */;
			proxyType = 1;
			remoteGlobalIDString = 75270C4E1A00BF0700458763;
			remoteInfo = BNRNerdFeed;
		};
/* End PBXContainerItemProxy section */

/* Begin PBXFileReference section */
		75270C4F1A00BF0700458763 /* BNRNerdFeed.app */ = {isa = PBXFileReference; explicitFileType = wrapper.application; includeInIndex = 0; path = BNRNerdFeed.app; sourceTree = BUILT_PRODUCTS_DIR; };
		75270C531A00BF0700458763 /* Info.plist */ = {isa = PBXFileReference; lastKnownFileType = text.plist.xml; path = Info.plist; sourceTree = "<group>"; };
		75270C541A00BF0700458763 /* main.m */ = {isa = PBXFileReference; lastKnownFileType = sourcecode.c.objc; path = main.m; sourceTree = "<group>"; };
		75270C561A00BF0700458763 /* AppDelegate.h */ = {isa = PBXFileReference; lastKnownFileType = sourcecode.c.h; path = AppDelegate.h; sourceTree = "<group>"; };
		75270C571A00BF0700458763 /* AppDelegate.m */ = {isa = PBXFileReference; lastKnownFileType = sourcecode.c.objc; path = AppDelegate.m; sourceTree = "<group>"; };
		75270C5F1A00BF0700458763 /* Images.xcassets */ = {isa = PBXFileReference; lastKnownFileType = folder.assetcatalog; path = Images.xcassets; sourceTree = "<group>"; };
		75270C621A00BF0700458763 /* Base */ = {isa = PBXFileReference; lastKnownFileType = file.xib; name = Base; path = Base.lproj/LaunchScreen.xib; sourceTree = "<group>"; };
		75270C681A00BF0700458763 /* BNRNerdFeedTests.xctest */ = {isa = PBXFileReference; explicitFileType = wrapper.cfbundle; includeInIndex = 0; path = BNRNerdFeedTests.xctest; sourceTree = BUILT_PRODUCTS_DIR; };
		75270C6D1A00BF0700458763 /* Info.plist */ = {isa = PBXFileReference; lastKnownFileType = text.plist.xml; path = Info.plist; sourceTree = "<group>"; };
		75270C6E1A00BF0700458763 /* BNRNerdFeedTests.m */ = {isa = PBXFileReference; lastKnownFileType = sourcecode.c.objc; path = BNRNerdFeedTests.m; sourceTree = "<group>"; };
		75270C781A00BFF300458763 /* BNRCoursesViewController.h */ = {isa = PBXFileReference; fileEncoding = 4; lastKnownFileType = sourcecode.c.h; path = BNRCoursesViewController.h; sourceTree = "<group>"; };
		75270C791A00BFF300458763 /* BNRCoursesViewController.m */ = {isa = PBXFileReference; fileEncoding = 4; lastKnownFileType = sourcecode.c.objc; path = BNRCoursesViewController.m; sourceTree = "<group>"; };
		75270C811A00CCA100458763 /* BNRWebViewController.h */ = {isa = PBXFileReference; fileEncoding = 4; lastKnownFileType = sourcecode.c.h; path = BNRWebViewController.h; sourceTree = "<group>"; };
		75270C821A00CCA100458763 /* BNRWebViewController.m */ = {isa = PBXFileReference; fileEncoding = 4; lastKnownFileType = sourcecode.c.objc; path = BNRWebViewController.m; sourceTree = "<group>"; };
/* End PBXFileReference section */

/* Begin PBXFrameworksBuildPhase section */
		75270C4C1A00BF0700458763 /* Frameworks */ = {
			isa = PBXFrameworksBuildPhase;
			buildActionMask = 2147483647;
			files = (
			);
			runOnlyForDeploymentPostprocessing = 0;
		};
		75270C651A00BF0700458763 /* Frameworks */ = {
			isa = PBXFrameworksBuildPhase;
			buildActionMask = 2147483647;
			files = (
			);
			runOnlyForDeploymentPostprocessing = 0;
		};
/* End PBXFrameworksBuildPhase section */

/* Begin PBXGroup section */
		75270C461A00BF0700458763 = {
			isa = PBXGroup;
			children = (
				75270C511A00BF0700458763 /* BNRNerdFeed */,
				75270C6B1A00BF0700458763 /* BNRNerdFeedTests */,
				75270C501A00BF0700458763 /* Products */,
			);
			sourceTree = "<group>";
		};
		75270C501A00BF0700458763 /* Products */ = {
			isa = PBXGroup;
			children = (
				75270C4F1A00BF0700458763 /* BNRNerdFeed.app */,
				75270C681A00BF0700458763 /* BNRNerdFeedTests.xctest */,
			);
			name = Products;
			sourceTree = "<group>";
		};
		75270C511A00BF0700458763 /* BNRNerdFeed */ = {
			isa = PBXGroup;
			children = (
				75270C811A00CCA100458763 /* BNRWebViewController.h */,
				75270C821A00CCA100458763 /* BNRWebViewController.m */,
				75270C781A00BFF300458763 /* BNRCoursesViewController.h */,
				75270C791A00BFF300458763 /* BNRCoursesViewController.m */,
				75270C561A00BF0700458763 /* AppDelegate.h */,
				75270C571A00BF0700458763 /* AppDelegate.m */,
				75270C5F1A00BF0700458763 /* Images.xcassets */,
				75270C611A00BF0700458763 /* LaunchScreen.xib */,
				75270C521A00BF0700458763 /* Supporting Files */,
			);
			path = BNRNerdFeed;
			sourceTree = "<group>";
		};
		75270C521A00BF0700458763 /* Supporting Files */ = {
			isa = PBXGroup;
			children = (
				75270C531A00BF0700458763 /* Info.plist */,
				75270C541A00BF0700458763 /* main.m */,
			);
			name = "Supporting Files";
			sourceTree = "<group>";
		};
		75270C6B1A00BF0700458763 /* BNRNerdFeedTests */ = {
			isa = PBXGroup;
			children = (
				75270C6E1A00BF0700458763 /* BNRNerdFeedTests.m */,
				75270C6C1A00BF0700458763 /* Supporting Files */,
			);
			path = BNRNerdFeedTests;
			sourceTree = "<group>";
		};
		75270C6C1A00BF0700458763 /* Supporting Files */ = {
			isa = PBXGroup;
			children = (
				75270C6D1A00BF0700458763 /* Info.plist */,
			);
			name = "Supporting Files";
			sourceTree = "<group>";
		};
/* End PBXGroup section */

/* Begin PBXNativeTarget section */
		75270C4E1A00BF0700458763 /* BNRNerdFeed */ = {
			isa = PBXNativeTarget;
			buildConfigurationList = 75270C721A00BF0700458763 /* Build configuration list for PBXNativeTarget "BNRNerdFeed" */;
			buildPhases = (
				75270C4B1A00BF0700458763 /* Sources */,
				75270C4C1A00BF0700458763 /* Frameworks */,
				75270C4D1A00BF0700458763 /* Resources */,
			);
			buildRules = (
			);
			dependencies = (
			);
			name = BNRNerdFeed;
			productName = BNRNerdFeed;
			productReference = 75270C4F1A00BF0700458763 /* BNRNerdFeed.app */;
			productType = "com.apple.product-type.application";
		};
		75270C671A00BF0700458763 /* BNRNerdFeedTests */ = {
			isa = PBXNativeTarget;
			buildConfigurationList = 75270C751A00BF0700458763 /* Build configuration list for PBXNativeTarget "BNRNerdFeedTests" */;
			buildPhases = (
				75270C641A00BF0700458763 /* Sources */,
				75270C651A00BF0700458763 /* Frameworks */,
				75270C661A00BF0700458763 /* Resources */,
			);
			buildRules = (
			);
			dependencies = (
				75270C6A1A00BF0700458763 /* PBXTargetDependency */,
			);
			name = BNRNerdFeedTests;
			productName = BNRNerdFeedTests;
			productReference = 75270C681A00BF0700458763 /* BNRNerdFeedTests.xctest */;
			productType = "com.apple.product-type.bundle.unit-test";
		};
/* End PBXNativeTarget section */

/* Begin PBXProject section */
		75270C471A00BF0700458763 /* Project object */ = {
			isa = PBXProject;
			attributes = {
				LastUpgradeCheck = 0610;
				ORGANIZATIONNAME = "Andrei Luca";
				TargetAttributes = {
					75270C4E1A00BF0700458763 = {
						CreatedOnToolsVersion = 6.1;
					};
					75270C671A00BF0700458763 = {
						CreatedOnToolsVersion = 6.1;
						TestTargetID = 75270C4E1A00BF0700458763;
					};
				};
			};
			buildConfigurationList = 75270C4A1A00BF0700458763 /* Build configuration list for PBXProject "BNRNerdFeed" */;
			compatibilityVersion = "Xcode 3.2";
			developmentRegion = English;
			hasScannedForEncodings = 0;
			knownRegions = (
				en,
				Base,
			);
			mainGroup = 75270C461A00BF0700458763;
			productRefGroup = 75270C501A00BF0700458763 /* Products */;
			projectDirPath = "";
			projectRoot = "";
			targets = (
				75270C4E1A00BF0700458763 /* BNRNerdFeed */,
				75270C671A00BF0700458763 /* BNRNerdFeedTests */,
			);
		};
/* End PBXProject section */

/* Begin PBXResourcesBuildPhase section */
		75270C4D1A00BF0700458763 /* Resources */ = {
			isa = PBXResourcesBuildPhase;
			buildActionMask = 2147483647;
			files = (
				75270C631A00BF0700458763 /* LaunchScreen.xib in Resources */,
				75270C601A00BF0700458763 /* Images.xcassets in Resources */,
			);
			runOnlyForDeploymentPostprocessing = 0;
		};
		75270C661A00BF0700458763 /* Resources */ = {
			isa = PBXResourcesBuildPhase;
			buildActionMask = 2147483647;
			files = (
			);
			runOnlyForDeploymentPostprocessing = 0;
		};
/* End PBXResourcesBuildPhase section */

/* Begin PBXSourcesBuildPhase section */
		75270C4B1A00BF0700458763 /* Sources */ = {
			isa = PBXSourcesBuildPhase;
			buildActionMask = 2147483647;
			files = (
				75270C581A00BF0700458763 /* AppDelegate.m in Sources */,
				75270C7A1A00BFF300458763 /* BNRCoursesViewController.m in Sources */,
				75270C831A00CCA100458763 /* BNRWebViewController.m in Sources */,
				75270C551A00BF0700458763 /* main.m in Sources */,
			);
			runOnlyForDeploymentPostprocessing = 0;
		};
		75270C641A00BF0700458763 /* Sources */ = {
			isa = PBXSourcesBuildPhase;
			buildActionMask = 2147483647;
			files = (
				75270C6F1A00BF0700458763 /* BNRNerdFeedTests.m in Sources */,
			);
			runOnlyForDeploymentPostprocessing = 0;
		};
/* End PBXSourcesBuildPhase section */

/* Begin PBXTargetDependency section */
		75270C6A1A00BF0700458763 /* PBXTargetDependency */ = {
			isa = PBXTargetDependency;
			target = 75270C4E1A00BF0700458763 /* BNRNerdFeed */;
			targetProxy = 75270C691A00BF0700458763 /* PBXContainerItemProxy */;
		};
/* End PBXTargetDependency section */

/* Begin PBXVariantGroup section */
		75270C611A00BF0700458763 /* LaunchScreen.xib */ = {
			isa = PBXVariantGroup;
			children = (
				75270C621A00BF0700458763 /* Base */,
			);
			name = LaunchScreen.xib;
			sourceTree = "<group>";
		};
/* End PBXVariantGroup section */

/* Begin XCBuildConfiguration section */
		75270C701A00BF0700458763 /* Debug */ = {
			isa = XCBuildConfiguration;
			buildSettings = {
				ALWAYS_SEARCH_USER_PATHS = NO;
				CLANG_CXX_LANGUAGE_STANDARD = "gnu++0x";
				CLANG_CXX_LIBRARY = "libc++";
				CLANG_ENABLE_MODULES = YES;
				CLANG_ENABLE_OBJC_ARC = YES;
				CLANG_WARN_BOOL_CONVERSION = YES;
				CLANG_WARN_CONSTANT_CONVERSION = YES;
				CLANG_WARN_DIRECT_OBJC_ISA_USAGE = YES_ERROR;
				CLANG_WARN_EMPTY_BODY = YES;
				CLANG_WARN_ENUM_CONVERSION = YES;
				CLANG_WARN_INT_CONVERSION = YES;
				CLANG_WARN_OBJC_ROOT_CLASS = YES_ERROR;
				CLANG_WARN_UNREACHABLE_CODE = YES;
				CLANG_WARN__DUPLICATE_METHOD_MATCH = YES;
				"CODE_SIGN_IDENTITY[sdk=iphoneos*]" = "iPhone Developer";
				COPY_PHASE_STRIP = NO;
				ENABLE_STRICT_OBJC_MSGSEND = YES;
				GCC_C_LANGUAGE_STANDARD = gnu99;
				GCC_DYNAMIC_NO_PIC = NO;
				GCC_OPTIMIZATION_LEVEL = 0;
				GCC_PREPROCESSOR_DEFINITIONS = (
					"DEBUG=1",
					"$(inherited)",
				);
				GCC_SYMBOLS_PRIVATE_EXTERN = NO;
				GCC_WARN_64_TO_32_BIT_CONVERSION = YES;
				GCC_WARN_ABOUT_RETURN_TYPE = YES_ERROR;
				GCC_WARN_UNDECLARED_SELECTOR = YES;
				GCC_WARN_UNINITIALIZED_AUTOS = YES_AGGRESSIVE;
				GCC_WARN_UNUSED_FUNCTION = YES;
				GCC_WARN_UNUSED_VARIABLE = YES;
				IPHONEOS_DEPLOYMENT_TARGET = 8.1;
				MTL_ENABLE_DEBUG_INFO = YES;
				ONLY_ACTIVE_ARCH = YES;
				SDKROOT = iphoneos;
				TARGETED_DEVICE_FAMILY = "1,2";
			};
			name = Debug;
		};
		75270C711A00BF0700458763 /* Release */ = {
			isa = XCBuildConfiguration;
			buildSettings = {
				ALWAYS_SEARCH_USER_PATHS = NO;
				CLANG_CXX_LANGUAGE_STANDARD = "gnu++0x";
				CLANG_CXX_LIBRARY = "libc++";
				CLANG_ENABLE_MODULES = YES;
				CLANG_ENABLE_OBJC_ARC = YES;
				CLANG_WARN_BOOL_CONVERSION = YES;
				CLANG_WARN_CONSTANT_CONVERSION = YES;
				CLANG_WARN_DIRECT_OBJC_ISA_USAGE = YES_ERROR;
				CLANG_WARN_EMPTY_BODY = YES;
				CLANG_WARN_ENUM_CONVERSION = YES;
				CLANG_WARN_INT_CONVERSION = YES;
				CLANG_WARN_OBJC_ROOT_CLASS = YES_ERROR;
				CLANG_WARN_UNREACHABLE_CODE = YES;
				CLANG_WARN__DUPLICATE_METHOD_MATCH = YES;
				"CODE_SIGN_IDENTITY[sdk=iphoneos*]" = "iPhone Developer";
				COPY_PHASE_STRIP = YES;
				ENABLE_NS_ASSERTIONS = NO;
				ENABLE_STRICT_OBJC_MSGSEND = YES;
				GCC_C_LANGUAGE_STANDARD = gnu99;
				GCC_WARN_64_TO_32_BIT_CONVERSION = YES;
				GCC_WARN_ABOUT_RETURN_TYPE = YES_ERROR;
				GCC_WARN_UNDECLARED_SELECTOR = YES;
				GCC_WARN_UNINITIALIZED_AUTOS = YES_AGGRESSIVE;
				GCC_WARN_UNUSED_FUNCTION = YES;
				GCC_WARN_UNUSED_VARIABLE = YES;
				IPHONEOS_DEPLOYMENT_TARGET = 8.1;
				MTL_ENABLE_DEBUG_INFO = NO;
				SDKROOT = iphoneos;
				TARGETED_DEVICE_FAMILY = "1,2";
				VALIDATE_PRODUCT = YES;
			};
			name = Release;
		};
		75270C731A00BF0700458763 /* Debug */ = {
			isa = XCBuildConfiguration;
			buildSettings = {
				ASSETCATALOG_COMPILER_APPICON_NAME = AppIcon;
				ASSETCATALOG_COMPILER_LAUNCHIMAGE_NAME = LaunchImage;
				INFOPLIST_FILE = BNRNerdFeed/Info.plist;
				LD_RUNPATH_SEARCH_PATHS = "$(inherited) @executable_path/Frameworks";
				PRODUCT_NAME = "$(TARGET_NAME)";
			};
			name = Debug;
		};
		75270C741A00BF0700458763 /* Release */ = {
			isa = XCBuildConfiguration;
			buildSettings = {
				ASSETCATALOG_COMPILER_APPICON_NAME = AppIcon;
				ASSETCATALOG_COMPILER_LAUNCHIMAGE_NAME = LaunchImage;
				INFOPLIST_FILE = BNRNerdFeed/Info.plist;
				LD_RUNPATH_SEARCH_PATHS = "$(inherited) @executable_path/Frameworks";
				PRODUCT_NAME = "$(TARGET_NAME)";
			};
			name = Release;
		};
		75270C761A00BF0700458763 /* Debug */ = {
			isa = XCBuildConfiguration;
			buildSettings = {
				BUNDLE_LOADER = "$(TEST_HOST)";
				FRAMEWORK_SEARCH_PATHS = (
					"$(SDKROOT)/Developer/Library/Frameworks",
					"$(inherited)",
				);
				GCC_PREPROCESSOR_DEFINITIONS = (
					"DEBUG=1",
					"$(inherited)",
				);
				INFOPLIST_FILE = BNRNerdFeedTests/Info.plist;
				LD_RUNPATH_SEARCH_PATHS = "$(inherited) @executable_path/Frameworks @loader_path/Frameworks";
				PRODUCT_NAME = "$(TARGET_NAME)";
				TEST_HOST = "$(BUILT_PRODUCTS_DIR)/BNRNerdFeed.app/BNRNerdFeed";
			};
			name = Debug;
		};
		75270C771A00BF0700458763 /* Release */ = {
			isa = XCBuildConfiguration;
			buildSettings = {
				BUNDLE_LOADER = "$(TEST_HOST)";
				FRAMEWORK_SEARCH_PATHS = (
					"$(SDKROOT)/Developer/Library/Frameworks",
					"$(inherited)",
				);
				INFOPLIST_FILE = BNRNerdFeedTests/Info.plist;
				LD_RUNPATH_SEARCH_PATHS = "$(inherited) @executable_path/Frameworks @loader_path/Frameworks";
				PRODUCT_NAME = "$(TARGET_NAME)";
				TEST_HOST = "$(BUILT_PRODUCTS_DIR)/BNRNerdFeed.app/BNRNerdFeed";
			};
			name = Release;
		};
/* End XCBuildConfiguration section */

/* Begin XCConfigurationList section */
		75270C4A1A00BF0700458763 /* Build configuration list for PBXProject "BNRNerdFeed" */ = {
			isa = XCConfigurationList;
			buildConfigurations = (
				75270C701A00BF0700458763 /* Debug */,
				75270C711A00BF0700458763 /* Release */,
			);
			defaultConfigurationIsVisible = 0;
			defaultConfigurationName = Release;
		};
		75270C721A00BF0700458763 /* Build configuration list for PBXNativeTarget "BNRNerdFeed" */ = {
			isa = XCConfigurationList;
			buildConfigurations = (
				75270C731A00BF0700458763 /* Debug */,
				75270C741A00BF0700458763 /* Release */,
			);
			defaultConfigurationIsVisible = 0;
		};
		75270C751A00BF0700458763 /* Build configuration list for PBXNativeTarget "BNRNerdFeedTests" */ = {
			isa = XCConfigurationList;
			buildConfigurations = (
				75270C761A00BF0700458763 /* Debug */,
				75270C771A00BF0700458763 /* Release */,
			);
			defaultConfigurationIsVisible = 0;
		};
/* End XCConfigurationList section */
	};
	rootObject = 75270C471A00BF0700458763 /* Project object */;
}
